// !$*UTF8*$!
{
	archiveVersion = 1;
	classes = {
	};
	objectVersion = 46;
	objects = {

/* Begin PBXFileReference section */
		89BFB9281BD5E26C00F884E2 /* App Definition Statement.pdf */ = {isa = PBXFileReference; lastKnownFileType = image.pdf; path = "App Definition Statement.pdf"; sourceTree = "<group>"; };
/* End PBXFileReference section */

/* Begin PBXGroup section */
		89BFB9211BD5E1D900F884E2 = {
			isa = PBXGroup;
			children = (
				89BFB9281BD5E26C00F884E2 /* App Definition Statement.pdf */,
			);
			sourceTree = "<group>";
		};
/* End PBXGroup section */

/* Begin PBXProject section */
		89BFB9221BD5E1D900F884E2 /* Project object */ = {
			isa = PBXProject;
			attributes = {
				LastUpgradeCheck = 0700;
			};
			buildConfigurationList = 89BFB9251BD5E1D900F884E2 /* Build configuration list for PBXProject "FinalProject" */;
			compatibilityVersion = "Xcode 3.2";
			developmentRegion = English;
			hasScannedForEncodings = 0;
			knownRegions = (
				en,
			);
			mainGroup = 89BFB9211BD5E1D900F884E2;
			projectDirPath = "";
			projectRoot = "";
			targets = (
			);
		};
/* End PBXProject section */

/* Begin XCBuildConfiguration section */
		89BFB9261BD5E1D900F884E2 /* Debug */ = {
			isa = XCBuildConfiguration;
			buildSettings = {
			};
			name = Debug;
		};
		89BFB9271BD5E1D900F884E2 /* Release */ = {
			isa = XCBuildConfiguration;
			buildSettings = {
			};
			name = Release;
		};
/* End XCBuildConfiguration section */

/* Begin XCConfigurationList section */
		89BFB9251BD5E1D900F884E2 /* Build configuration list for PBXProject "FinalProject" */ = {
			isa = XCConfigurationList;
			buildConfigurations = (
				89BFB9261BD5E1D900F884E2 /* Debug */,
				89BFB9271BD5E1D900F884E2 /* Release */,
			);
			defaultConfigurationIsVisible = 0;
			defaultConfigurationName = Release;
		};
/* End XCConfigurationList section */
	};
	rootObject = 89BFB9221BD5E1D900F884E2 /* Project object */;
}
