// !$*UTF8*$!
{
	archiveVersion = 1;
	classes = {
	};
	objectVersion = 46;
	objects = {

/* Begin PBXBuildFile section */
		894375041BCB1238002F2662 /* WalkThroughStoryboard.storyboard in Resources */ = {isa = PBXBuildFile; fileRef = 894375031BCB1238002F2662 /* WalkThroughStoryboard.storyboard */; settings = {ASSET_TAGS = (); }; };
		894375061BCB1AB7002F2662 /* WalkThroughPageViewController.swift in Sources */ = {isa = PBXBuildFile; fileRef = 894375051BCB1AB6002F2662 /* WalkThroughPageViewController.swift */; settings = {ASSET_TAGS = (); }; };
		894375081BCB243A002F2662 /* ContentViewController.swift in Sources */ = {isa = PBXBuildFile; fileRef = 894375071BCB243A002F2662 /* ContentViewController.swift */; settings = {ASSET_TAGS = (); }; };
		8943750A1BCB5300002F2662 /* RootViewController.swift in Sources */ = {isa = PBXBuildFile; fileRef = 894375091BCB5300002F2662 /* RootViewController.swift */; settings = {ASSET_TAGS = (); }; };
		894D219D1BB897B5006DA7AE /* AppDelegate.swift in Sources */ = {isa = PBXBuildFile; fileRef = 894D219C1BB897B5006DA7AE /* AppDelegate.swift */; };
		894D219F1BB897B5006DA7AE /* ViewController.swift in Sources */ = {isa = PBXBuildFile; fileRef = 894D219E1BB897B5006DA7AE /* ViewController.swift */; };
		894D21A21BB897B5006DA7AE /* Main.storyboard in Resources */ = {isa = PBXBuildFile; fileRef = 894D21A01BB897B5006DA7AE /* Main.storyboard */; };
		894D21A41BB897B5006DA7AE /* Assets.xcassets in Resources */ = {isa = PBXBuildFile; fileRef = 894D21A31BB897B5006DA7AE /* Assets.xcassets */; };
		894D21A71BB897B5006DA7AE /* LaunchScreen.storyboard in Resources */ = {isa = PBXBuildFile; fileRef = 894D21A51BB897B5006DA7AE /* LaunchScreen.storyboard */; };
		894D21B21BB897B7006DA7AE /* Park_ExplorerTests.swift in Sources */ = {isa = PBXBuildFile; fileRef = 894D21B11BB897B7006DA7AE /* Park_ExplorerTests.swift */; };
		894D21BD1BB897B7006DA7AE /* Park_ExplorerUITests.swift in Sources */ = {isa = PBXBuildFile; fileRef = 894D21BC1BB897B7006DA7AE /* Park_ExplorerUITests.swift */; };
		894D21CB1BB8985D006DA7AE /* Model.swift in Sources */ = {isa = PBXBuildFile; fileRef = 894D21CA1BB8985D006DA7AE /* Model.swift */; settings = {ASSET_TAGS = (); }; };
		8971D4BA1BC343670012B096 /* ParkTableViewCell.swift in Sources */ = {isa = PBXBuildFile; fileRef = 8971D4B91BC343670012B096 /* ParkTableViewCell.swift */; settings = {ASSET_TAGS = (); }; };
		8971D4BC1BC345190012B096 /* ParkTableViewController.swift in Sources */ = {isa = PBXBuildFile; fileRef = 8971D4BB1BC345190012B096 /* ParkTableViewController.swift */; settings = {ASSET_TAGS = (); }; };
		8971D4BE1BC3573D0012B096 /* ParkCollectionViewController.swift in Sources */ = {isa = PBXBuildFile; fileRef = 8971D4BD1BC3573D0012B096 /* ParkCollectionViewController.swift */; settings = {ASSET_TAGS = (); }; };
		8971D4C01BC35E590012B096 /* ParkCollectionViewCell.swift in Sources */ = {isa = PBXBuildFile; fileRef = 8971D4BF1BC35E590012B096 /* ParkCollectionViewCell.swift */; settings = {ASSET_TAGS = (); }; };
		897C34C81BCEE03F00AFEC94 /* PageInstruction1.png in Resources */ = {isa = PBXBuildFile; fileRef = 897C34C21BCEE03F00AFEC94 /* PageInstruction1.png */; settings = {ASSET_TAGS = (); }; };
		897C34C91BCEE03F00AFEC94 /* PageInstruction2.png in Resources */ = {isa = PBXBuildFile; fileRef = 897C34C31BCEE03F00AFEC94 /* PageInstruction2.png */; settings = {ASSET_TAGS = (); }; };
		897C34CA1BCEE03F00AFEC94 /* PageInstruction3.png in Resources */ = {isa = PBXBuildFile; fileRef = 897C34C41BCEE03F00AFEC94 /* PageInstruction3.png */; settings = {ASSET_TAGS = (); }; };
		897C34CB1BCEE03F00AFEC94 /* PageInstruction4.png in Resources */ = {isa = PBXBuildFile; fileRef = 897C34C51BCEE03F00AFEC94 /* PageInstruction4.png */; settings = {ASSET_TAGS = (); }; };
		897C34CC1BCEE03F00AFEC94 /* PageInstruction5.png in Resources */ = {isa = PBXBuildFile; fileRef = 897C34C61BCEE03F00AFEC94 /* PageInstruction5.png */; settings = {ASSET_TAGS = (); }; };
		897C34CD1BCEE03F00AFEC94 /* PageInstruction6.png in Resources */ = {isa = PBXBuildFile; fileRef = 897C34C71BCEE03F00AFEC94 /* PageInstruction6.png */; settings = {ASSET_TAGS = (); }; };
		897C3C451BCC3E87001CAE07 /* MasterViewController.swift in Sources */ = {isa = PBXBuildFile; fileRef = 897C3C441BCC3E87001CAE07 /* MasterViewController.swift */; settings = {ASSET_TAGS = (); }; };
		897C3C471BCC3F58001CAE07 /* DetailViewController.swift in Sources */ = {isa = PBXBuildFile; fileRef = 897C3C461BCC3F58001CAE07 /* DetailViewController.swift */; settings = {ASSET_TAGS = (); }; };
		8988DD801BB89F4B00681EDD /* arrowDown.png in Resources */ = {isa = PBXBuildFile; fileRef = 8988DD5D1BB89F4B00681EDD /* arrowDown.png */; settings = {ASSET_TAGS = (); }; };
		8988DD811BB89F4B00681EDD /* arrowLeft.png in Resources */ = {isa = PBXBuildFile; fileRef = 8988DD5E1BB89F4B00681EDD /* arrowLeft.png */; settings = {ASSET_TAGS = (); }; };
		8988DD821BB89F4B00681EDD /* arrowRight.png in Resources */ = {isa = PBXBuildFile; fileRef = 8988DD5F1BB89F4B00681EDD /* arrowRight.png */; settings = {ASSET_TAGS = (); }; };
		8988DD831BB89F4B00681EDD /* arrowUp.png in Resources */ = {isa = PBXBuildFile; fileRef = 8988DD601BB89F4B00681EDD /* arrowUp.png */; settings = {ASSET_TAGS = (); }; };
		8988DD841BB89F4B00681EDD /* BryceCanyon01.jpg in Resources */ = {isa = PBXBuildFile; fileRef = 8988DD611BB89F4B00681EDD /* BryceCanyon01.jpg */; settings = {ASSET_TAGS = (); }; };
		8988DD851BB89F4B00681EDD /* BryceCanyon02.jpg in Resources */ = {isa = PBXBuildFile; fileRef = 8988DD621BB89F4B00681EDD /* BryceCanyon02.jpg */; settings = {ASSET_TAGS = (); }; };
		8988DD861BB89F4B00681EDD /* BryceCanyon03.jpg in Resources */ = {isa = PBXBuildFile; fileRef = 8988DD631BB89F4B00681EDD /* BryceCanyon03.jpg */; settings = {ASSET_TAGS = (); }; };
		8988DD871BB89F4B00681EDD /* Carlsbad01.jpg in Resources */ = {isa = PBXBuildFile; fileRef = 8988DD641BB89F4B00681EDD /* Carlsbad01.jpg */; settings = {ASSET_TAGS = (); }; };
		8988DD881BB89F4B00681EDD /* Carlsbad02.jpg in Resources */ = {isa = PBXBuildFile; fileRef = 8988DD651BB89F4B00681EDD /* Carlsbad02.jpg */; settings = {ASSET_TAGS = (); }; };
		8988DD891BB89F4B00681EDD /* Carlsbad03.jpg in Resources */ = {isa = PBXBuildFile; fileRef = 8988DD661BB89F4B00681EDD /* Carlsbad03.jpg */; settings = {ASSET_TAGS = (); }; };
		8988DD8A1BB89F4B00681EDD /* Carlsbad04.jpg in Resources */ = {isa = PBXBuildFile; fileRef = 8988DD671BB89F4B00681EDD /* Carlsbad04.jpg */; settings = {ASSET_TAGS = (); }; };
		8988DD8B1BB89F4B00681EDD /* Everglades01.jpg in Resources */ = {isa = PBXBuildFile; fileRef = 8988DD681BB89F4B00681EDD /* Everglades01.jpg */; settings = {ASSET_TAGS = (); }; };
		8988DD8C1BB89F4B00681EDD /* Everglades02.jpg in Resources */ = {isa = PBXBuildFile; fileRef = 8988DD691BB89F4B00681EDD /* Everglades02.jpg */; settings = {ASSET_TAGS = (); }; };
		8988DD8D1BB89F4B00681EDD /* Glacier01.jpg in Resources */ = {isa = PBXBuildFile; fileRef = 8988DD6A1BB89F4B00681EDD /* Glacier01.jpg */; settings = {ASSET_TAGS = (); }; };
		8988DD8E1BB89F4B00681EDD /* Glacier02.jpg in Resources */ = {isa = PBXBuildFile; fileRef = 8988DD6B1BB89F4B00681EDD /* Glacier02.jpg */; settings = {ASSET_TAGS = (); }; };
		8988DD8F1BB89F4B00681EDD /* Glacier03.jpg in Resources */ = {isa = PBXBuildFile; fileRef = 8988DD6C1BB89F4B00681EDD /* Glacier03.jpg */; settings = {ASSET_TAGS = (); }; };
		8988DD901BB89F4B00681EDD /* Glacier04.jpg in Resources */ = {isa = PBXBuildFile; fileRef = 8988DD6D1BB89F4B00681EDD /* Glacier04.jpg */; settings = {ASSET_TAGS = (); }; };
		8988DD911BB89F4B00681EDD /* GrandTeton01.jpg in Resources */ = {isa = PBXBuildFile; fileRef = 8988DD6E1BB89F4B00681EDD /* GrandTeton01.jpg */; settings = {ASSET_TAGS = (); }; };
		8988DD921BB89F4B00681EDD /* GrandTeton02.jpg in Resources */ = {isa = PBXBuildFile; fileRef = 8988DD6F1BB89F4B00681EDD /* GrandTeton02.jpg */; settings = {ASSET_TAGS = (); }; };
		8988DD931BB89F4B00681EDD /* nps-logo.png in Resources */ = {isa = PBXBuildFile; fileRef = 8988DD701BB89F4B00681EDD /* nps-logo.png */; settings = {ASSET_TAGS = (); }; };
		8988DD941BB89F4B00681EDD /* NPSbw.png in Resources */ = {isa = PBXBuildFile; fileRef = 8988DD711BB89F4B00681EDD /* NPSbw.png */; settings = {ASSET_TAGS = (); }; };
		8988DD951BB89F4B00681EDD /* Photos.plist in Resources */ = {isa = PBXBuildFile; fileRef = 8988DD721BB89F4B00681EDD /* Photos.plist */; settings = {ASSET_TAGS = (); }; };
		8988DD961BB89F4B00681EDD /* Yellowstone01.jpg in Resources */ = {isa = PBXBuildFile; fileRef = 8988DD731BB89F4B00681EDD /* Yellowstone01.jpg */; settings = {ASSET_TAGS = (); }; };
		8988DD971BB89F4B00681EDD /* Yellowstone02.jpg in Resources */ = {isa = PBXBuildFile; fileRef = 8988DD741BB89F4B00681EDD /* Yellowstone02.jpg */; settings = {ASSET_TAGS = (); }; };
		8988DD981BB89F4B00681EDD /* Yellowstone03.jpg in Resources */ = {isa = PBXBuildFile; fileRef = 8988DD751BB89F4B00681EDD /* Yellowstone03.jpg */; settings = {ASSET_TAGS = (); }; };
		8988DD991BB89F4B00681EDD /* Yellowstone04.jpg in Resources */ = {isa = PBXBuildFile; fileRef = 8988DD761BB89F4B00681EDD /* Yellowstone04.jpg */; settings = {ASSET_TAGS = (); }; };
		8988DD9A1BB89F4B00681EDD /* Yosemite01.jpg in Resources */ = {isa = PBXBuildFile; fileRef = 8988DD771BB89F4B00681EDD /* Yosemite01.jpg */; settings = {ASSET_TAGS = (); }; };
		8988DD9B1BB89F4B00681EDD /* Yosemite02.jpg in Resources */ = {isa = PBXBuildFile; fileRef = 8988DD781BB89F4B00681EDD /* Yosemite02.jpg */; settings = {ASSET_TAGS = (); }; };
		8988DD9C1BB89F4B00681EDD /* Yosemite03.jpg in Resources */ = {isa = PBXBuildFile; fileRef = 8988DD791BB89F4B00681EDD /* Yosemite03.jpg */; settings = {ASSET_TAGS = (); }; };
		8988DD9D1BB89F4B00681EDD /* Yosemite04.jpg in Resources */ = {isa = PBXBuildFile; fileRef = 8988DD7A1BB89F4B00681EDD /* Yosemite04.jpg */; settings = {ASSET_TAGS = (); }; };
		8988DD9E1BB89F4B00681EDD /* Yosemite05.jpg in Resources */ = {isa = PBXBuildFile; fileRef = 8988DD7B1BB89F4B00681EDD /* Yosemite05.jpg */; settings = {ASSET_TAGS = (); }; };
		8988DD9F1BB89F4B00681EDD /* Yosemite06.jpg in Resources */ = {isa = PBXBuildFile; fileRef = 8988DD7C1BB89F4B00681EDD /* Yosemite06.jpg */; settings = {ASSET_TAGS = (); }; };
		8988DDA01BB89F4B00681EDD /* Zion01.jpg in Resources */ = {isa = PBXBuildFile; fileRef = 8988DD7D1BB89F4B00681EDD /* Zion01.jpg */; settings = {ASSET_TAGS = (); }; };
		8988DDA11BB89F4B00681EDD /* Zion02.jpg in Resources */ = {isa = PBXBuildFile; fileRef = 8988DD7E1BB89F4B00681EDD /* Zion02.jpg */; settings = {ASSET_TAGS = (); }; };
		8988DDA21BB89F4B00681EDD /* Zion03.jpg in Resources */ = {isa = PBXBuildFile; fileRef = 8988DD7F1BB89F4B00681EDD /* Zion03.jpg */; settings = {ASSET_TAGS = (); }; };
		89ADD20D1BC362A600F82DBC /* ParkCollectionReusableView.swift in Sources */ = {isa = PBXBuildFile; fileRef = 89ADD20C1BC362A600F82DBC /* ParkCollectionReusableView.swift */; settings = {ASSET_TAGS = (); }; };
		89ADD2101BC364EB00F82DBC /* collectionImage.png in Resources */ = {isa = PBXBuildFile; fileRef = 89ADD20E1BC364EB00F82DBC /* collectionImage.png */; settings = {ASSET_TAGS = (); }; };
		89ADD2111BC364EB00F82DBC /* tableImage.png in Resources */ = {isa = PBXBuildFile; fileRef = 89ADD20F1BC364EB00F82DBC /* tableImage.png */; settings = {ASSET_TAGS = (); }; };
/* End PBXBuildFile section */

/* Begin PBXContainerItemProxy section */
		894D21AE1BB897B7006DA7AE /* PBXContainerItemProxy */ = {
			isa = PBXContainerItemProxy;
			containerPortal = 894D21911BB897B3006DA7AE /* Project object */;
			proxyType = 1;
			remoteGlobalIDString = 894D21981BB897B4006DA7AE;
			remoteInfo = "Park Explorer";
		};
		894D21B91BB897B7006DA7AE /* PBXContainerItemProxy */ = {
			isa = PBXContainerItemProxy;
			containerPortal = 894D21911BB897B3006DA7AE /* Project object */;
			proxyType = 1;
			remoteGlobalIDString = 894D21981BB897B4006DA7AE;
			remoteInfo = "Park Explorer";
		};
/* End PBXContainerItemProxy section */

/* Begin PBXFileReference section */
		894375031BCB1238002F2662 /* WalkThroughStoryboard.storyboard */ = {isa = PBXFileReference; fileEncoding = 4; lastKnownFileType = file.storyboard; path = WalkThroughStoryboard.storyboard; sourceTree = "<group>"; };
		894375051BCB1AB6002F2662 /* WalkThroughPageViewController.swift */ = {isa = PBXFileReference; fileEncoding = 4; lastKnownFileType = sourcecode.swift; path = WalkThroughPageViewController.swift; sourceTree = "<group>"; };
		894375071BCB243A002F2662 /* ContentViewController.swift */ = {isa = PBXFileReference; fileEncoding = 4; lastKnownFileType = sourcecode.swift; path = ContentViewController.swift; sourceTree = "<group>"; };
		894375091BCB5300002F2662 /* RootViewController.swift */ = {isa = PBXFileReference; fileEncoding = 4; lastKnownFileType = sourcecode.swift; path = RootViewController.swift; sourceTree = "<group>"; };
		894D21991BB897B4006DA7AE /* Park Explorer.app */ = {isa = PBXFileReference; explicitFileType = wrapper.application; includeInIndex = 0; path = "Park Explorer.app"; sourceTree = BUILT_PRODUCTS_DIR; };
		894D219C1BB897B5006DA7AE /* AppDelegate.swift */ = {isa = PBXFileReference; lastKnownFileType = sourcecode.swift; path = AppDelegate.swift; sourceTree = "<group>"; };
		894D219E1BB897B5006DA7AE /* ViewController.swift */ = {isa = PBXFileReference; lastKnownFileType = sourcecode.swift; path = ViewController.swift; sourceTree = "<group>"; };
		894D21A11BB897B5006DA7AE /* Base */ = {isa = PBXFileReference; lastKnownFileType = file.storyboard; name = Base; path = Base.lproj/Main.storyboard; sourceTree = "<group>"; };
		894D21A31BB897B5006DA7AE /* Assets.xcassets */ = {isa = PBXFileReference; lastKnownFileType = folder.assetcatalog; path = Assets.xcassets; sourceTree = "<group>"; };
		894D21A61BB897B5006DA7AE /* Base */ = {isa = PBXFileReference; lastKnownFileType = file.storyboard; name = Base; path = Base.lproj/LaunchScreen.storyboard; sourceTree = "<group>"; };
		894D21A81BB897B5006DA7AE /* Info.plist */ = {isa = PBXFileReference; lastKnownFileType = text.plist.xml; path = Info.plist; sourceTree = "<group>"; };
		894D21AD1BB897B7006DA7AE /* Park ExplorerTests.xctest */ = {isa = PBXFileReference; explicitFileType = wrapper.cfbundle; includeInIndex = 0; path = "Park ExplorerTests.xctest"; sourceTree = BUILT_PRODUCTS_DIR; };
		894D21B11BB897B7006DA7AE /* Park_ExplorerTests.swift */ = {isa = PBXFileReference; lastKnownFileType = sourcecode.swift; path = Park_ExplorerTests.swift; sourceTree = "<group>"; };
		894D21B31BB897B7006DA7AE /* Info.plist */ = {isa = PBXFileReference; lastKnownFileType = text.plist.xml; path = Info.plist; sourceTree = "<group>"; };
		894D21B81BB897B7006DA7AE /* Park ExplorerUITests.xctest */ = {isa = PBXFileReference; explicitFileType = wrapper.cfbundle; includeInIndex = 0; path = "Park ExplorerUITests.xctest"; sourceTree = BUILT_PRODUCTS_DIR; };
		894D21BC1BB897B7006DA7AE /* Park_ExplorerUITests.swift */ = {isa = PBXFileReference; lastKnownFileType = sourcecode.swift; path = Park_ExplorerUITests.swift; sourceTree = "<group>"; };
		894D21BE1BB897B7006DA7AE /* Info.plist */ = {isa = PBXFileReference; lastKnownFileType = text.plist.xml; path = Info.plist; sourceTree = "<group>"; };
		894D21CA1BB8985D006DA7AE /* Model.swift */ = {isa = PBXFileReference; fileEncoding = 4; lastKnownFileType = sourcecode.swift; path = Model.swift; sourceTree = "<group>"; };
		8971D4B91BC343670012B096 /* ParkTableViewCell.swift */ = {isa = PBXFileReference; fileEncoding = 4; lastKnownFileType = sourcecode.swift; path = ParkTableViewCell.swift; sourceTree = "<group>"; };
		8971D4BB1BC345190012B096 /* ParkTableViewController.swift */ = {isa = PBXFileReference; fileEncoding = 4; lastKnownFileType = sourcecode.swift; path = ParkTableViewController.swift; sourceTree = "<group>"; };
		8971D4BD1BC3573D0012B096 /* ParkCollectionViewController.swift */ = {isa = PBXFileReference; fileEncoding = 4; lastKnownFileType = sourcecode.swift; path = ParkCollectionViewController.swift; sourceTree = "<group>"; };
		8971D4BF1BC35E590012B096 /* ParkCollectionViewCell.swift */ = {isa = PBXFileReference; fileEncoding = 4; lastKnownFileType = sourcecode.swift; path = ParkCollectionViewCell.swift; sourceTree = "<group>"; };
		897C34C21BCEE03F00AFEC94 /* PageInstruction1.png */ = {isa = PBXFileReference; lastKnownFileType = image.png; path = PageInstruction1.png; sourceTree = "<group>"; };
		897C34C31BCEE03F00AFEC94 /* PageInstruction2.png */ = {isa = PBXFileReference; lastKnownFileType = image.png; path = PageInstruction2.png; sourceTree = "<group>"; };
		897C34C41BCEE03F00AFEC94 /* PageInstruction3.png */ = {isa = PBXFileReference; lastKnownFileType = image.png; path = PageInstruction3.png; sourceTree = "<group>"; };
		897C34C51BCEE03F00AFEC94 /* PageInstruction4.png */ = {isa = PBXFileReference; lastKnownFileType = image.png; path = PageInstruction4.png; sourceTree = "<group>"; };
		897C34C61BCEE03F00AFEC94 /* PageInstruction5.png */ = {isa = PBXFileReference; lastKnownFileType = image.png; path = PageInstruction5.png; sourceTree = "<group>"; };
		897C34C71BCEE03F00AFEC94 /* PageInstruction6.png */ = {isa = PBXFileReference; lastKnownFileType = image.png; path = PageInstruction6.png; sourceTree = "<group>"; };
		897C3C441BCC3E87001CAE07 /* MasterViewController.swift */ = {isa = PBXFileReference; fileEncoding = 4; lastKnownFileType = sourcecode.swift; path = MasterViewController.swift; sourceTree = "<group>"; };
		897C3C461BCC3F58001CAE07 /* DetailViewController.swift */ = {isa = PBXFileReference; fileEncoding = 4; lastKnownFileType = sourcecode.swift; path = DetailViewController.swift; sourceTree = "<group>"; };
		8988DD5D1BB89F4B00681EDD /* arrowDown.png */ = {isa = PBXFileReference; lastKnownFileType = image.png; path = arrowDown.png; sourceTree = "<group>"; };
		8988DD5E1BB89F4B00681EDD /* arrowLeft.png */ = {isa = PBXFileReference; lastKnownFileType = image.png; path = arrowLeft.png; sourceTree = "<group>"; };
		8988DD5F1BB89F4B00681EDD /* arrowRight.png */ = {isa = PBXFileReference; lastKnownFileType = image.png; path = arrowRight.png; sourceTree = "<group>"; };
		8988DD601BB89F4B00681EDD /* arrowUp.png */ = {isa = PBXFileReference; lastKnownFileType = image.png; path = arrowUp.png; sourceTree = "<group>"; };
		8988DD611BB89F4B00681EDD /* BryceCanyon01.jpg */ = {isa = PBXFileReference; lastKnownFileType = image.jpeg; path = BryceCanyon01.jpg; sourceTree = "<group>"; };
		8988DD621BB89F4B00681EDD /* BryceCanyon02.jpg */ = {isa = PBXFileReference; lastKnownFileType = image.jpeg; path = BryceCanyon02.jpg; sourceTree = "<group>"; };
		8988DD631BB89F4B00681EDD /* BryceCanyon03.jpg */ = {isa = PBXFileReference; lastKnownFileType = image.jpeg; path = BryceCanyon03.jpg; sourceTree = "<group>"; };
		8988DD641BB89F4B00681EDD /* Carlsbad01.jpg */ = {isa = PBXFileReference; lastKnownFileType = image.jpeg; path = Carlsbad01.jpg; sourceTree = "<group>"; };
		8988DD651BB89F4B00681EDD /* Carlsbad02.jpg */ = {isa = PBXFileReference; lastKnownFileType = image.jpeg; path = Carlsbad02.jpg; sourceTree = "<group>"; };
		8988DD661BB89F4B00681EDD /* Carlsbad03.jpg */ = {isa = PBXFileReference; lastKnownFileType = image.jpeg; path = Carlsbad03.jpg; sourceTree = "<group>"; };
		8988DD671BB89F4B00681EDD /* Carlsbad04.jpg */ = {isa = PBXFileReference; lastKnownFileType = image.jpeg; path = Carlsbad04.jpg; sourceTree = "<group>"; };
		8988DD681BB89F4B00681EDD /* Everglades01.jpg */ = {isa = PBXFileReference; lastKnownFileType = image.jpeg; path = Everglades01.jpg; sourceTree = "<group>"; };
		8988DD691BB89F4B00681EDD /* Everglades02.jpg */ = {isa = PBXFileReference; lastKnownFileType = image.jpeg; path = Everglades02.jpg; sourceTree = "<group>"; };
		8988DD6A1BB89F4B00681EDD /* Glacier01.jpg */ = {isa = PBXFileReference; lastKnownFileType = image.jpeg; path = Glacier01.jpg; sourceTree = "<group>"; };
		8988DD6B1BB89F4B00681EDD /* Glacier02.jpg */ = {isa = PBXFileReference; lastKnownFileType = image.jpeg; path = Glacier02.jpg; sourceTree = "<group>"; };
		8988DD6C1BB89F4B00681EDD /* Glacier03.jpg */ = {isa = PBXFileReference; lastKnownFileType = image.jpeg; path = Glacier03.jpg; sourceTree = "<group>"; };
		8988DD6D1BB89F4B00681EDD /* Glacier04.jpg */ = {isa = PBXFileReference; lastKnownFileType = image.jpeg; path = Glacier04.jpg; sourceTree = "<group>"; };
		8988DD6E1BB89F4B00681EDD /* GrandTeton01.jpg */ = {isa = PBXFileReference; lastKnownFileType = image.jpeg; path = GrandTeton01.jpg; sourceTree = "<group>"; };
		8988DD6F1BB89F4B00681EDD /* GrandTeton02.jpg */ = {isa = PBXFileReference; lastKnownFileType = image.jpeg; path = GrandTeton02.jpg; sourceTree = "<group>"; };
		8988DD701BB89F4B00681EDD /* nps-logo.png */ = {isa = PBXFileReference; lastKnownFileType = image.png; path = "nps-logo.png"; sourceTree = "<group>"; };
		8988DD711BB89F4B00681EDD /* NPSbw.png */ = {isa = PBXFileReference; lastKnownFileType = image.png; path = NPSbw.png; sourceTree = "<group>"; };
		8988DD721BB89F4B00681EDD /* Photos.plist */ = {isa = PBXFileReference; fileEncoding = 4; lastKnownFileType = text.plist.xml; path = Photos.plist; sourceTree = "<group>"; };
		8988DD731BB89F4B00681EDD /* Yellowstone01.jpg */ = {isa = PBXFileReference; lastKnownFileType = image.jpeg; path = Yellowstone01.jpg; sourceTree = "<group>"; };
		8988DD741BB89F4B00681EDD /* Yellowstone02.jpg */ = {isa = PBXFileReference; lastKnownFileType = image.jpeg; path = Yellowstone02.jpg; sourceTree = "<group>"; };
		8988DD751BB89F4B00681EDD /* Yellowstone03.jpg */ = {isa = PBXFileReference; lastKnownFileType = image.jpeg; path = Yellowstone03.jpg; sourceTree = "<group>"; };
		8988DD761BB89F4B00681EDD /* Yellowstone04.jpg */ = {isa = PBXFileReference; lastKnownFileType = image.jpeg; path = Yellowstone04.jpg; sourceTree = "<group>"; };
		8988DD771BB89F4B00681EDD /* Yosemite01.jpg */ = {isa = PBXFileReference; lastKnownFileType = image.jpeg; path = Yosemite01.jpg; sourceTree = "<group>"; };
		8988DD781BB89F4B00681EDD /* Yosemite02.jpg */ = {isa = PBXFileReference; lastKnownFileType = image.jpeg; path = Yosemite02.jpg; sourceTree = "<group>"; };
		8988DD791BB89F4B00681EDD /* Yosemite03.jpg */ = {isa = PBXFileReference; lastKnownFileType = image.jpeg; path = Yosemite03.jpg; sourceTree = "<group>"; };
		8988DD7A1BB89F4B00681EDD /* Yosemite04.jpg */ = {isa = PBXFileReference; lastKnownFileType = image.jpeg; path = Yosemite04.jpg; sourceTree = "<group>"; };
		8988DD7B1BB89F4B00681EDD /* Yosemite05.jpg */ = {isa = PBXFileReference; lastKnownFileType = image.jpeg; path = Yosemite05.jpg; sourceTree = "<group>"; };
		8988DD7C1BB89F4B00681EDD /* Yosemite06.jpg */ = {isa = PBXFileReference; lastKnownFileType = image.jpeg; path = Yosemite06.jpg; sourceTree = "<group>"; };
		8988DD7D1BB89F4B00681EDD /* Zion01.jpg */ = {isa = PBXFileReference; lastKnownFileType = image.jpeg; path = Zion01.jpg; sourceTree = "<group>"; };
		8988DD7E1BB89F4B00681EDD /* Zion02.jpg */ = {isa = PBXFileReference; lastKnownFileType = image.jpeg; path = Zion02.jpg; sourceTree = "<group>"; };
		8988DD7F1BB89F4B00681EDD /* Zion03.jpg */ = {isa = PBXFileReference; lastKnownFileType = image.jpeg; path = Zion03.jpg; sourceTree = "<group>"; };
		89ADD20C1BC362A600F82DBC /* ParkCollectionReusableView.swift */ = {isa = PBXFileReference; fileEncoding = 4; lastKnownFileType = sourcecode.swift; path = ParkCollectionReusableView.swift; sourceTree = "<group>"; };
		89ADD20E1BC364EB00F82DBC /* collectionImage.png */ = {isa = PBXFileReference; lastKnownFileType = image.png; path = collectionImage.png; sourceTree = "<group>"; };
		89ADD20F1BC364EB00F82DBC /* tableImage.png */ = {isa = PBXFileReference; lastKnownFileType = image.png; path = tableImage.png; sourceTree = "<group>"; };
/* End PBXFileReference section */

/* Begin PBXFrameworksBuildPhase section */
		894D21961BB897B4006DA7AE /* Frameworks */ = {
			isa = PBXFrameworksBuildPhase;
			buildActionMask = 2147483647;
			files = (
			);
			runOnlyForDeploymentPostprocessing = 0;
		};
		894D21AA1BB897B7006DA7AE /* Frameworks */ = {
			isa = PBXFrameworksBuildPhase;
			buildActionMask = 2147483647;
			files = (
			);
			runOnlyForDeploymentPostprocessing = 0;
		};
		894D21B51BB897B7006DA7AE /* Frameworks */ = {
			isa = PBXFrameworksBuildPhase;
			buildActionMask = 2147483647;
			files = (
			);
			runOnlyForDeploymentPostprocessing = 0;
		};
/* End PBXFrameworksBuildPhase section */

/* Begin PBXGroup section */
		8943750B1BCB6E56002F2662 /* Park Photos */ = {
			isa = PBXGroup;
			children = (
				8988DD611BB89F4B00681EDD /* BryceCanyon01.jpg */,
				8988DD621BB89F4B00681EDD /* BryceCanyon02.jpg */,
				8988DD631BB89F4B00681EDD /* BryceCanyon03.jpg */,
				8988DD641BB89F4B00681EDD /* Carlsbad01.jpg */,
				8988DD651BB89F4B00681EDD /* Carlsbad02.jpg */,
				8988DD661BB89F4B00681EDD /* Carlsbad03.jpg */,
				8988DD671BB89F4B00681EDD /* Carlsbad04.jpg */,
				8988DD681BB89F4B00681EDD /* Everglades01.jpg */,
				8988DD691BB89F4B00681EDD /* Everglades02.jpg */,
				8988DD6A1BB89F4B00681EDD /* Glacier01.jpg */,
				8988DD6B1BB89F4B00681EDD /* Glacier02.jpg */,
				8988DD6C1BB89F4B00681EDD /* Glacier03.jpg */,
				8988DD6D1BB89F4B00681EDD /* Glacier04.jpg */,
				8988DD6E1BB89F4B00681EDD /* GrandTeton01.jpg */,
				8988DD6F1BB89F4B00681EDD /* GrandTeton02.jpg */,
				8988DD701BB89F4B00681EDD /* nps-logo.png */,
				8988DD711BB89F4B00681EDD /* NPSbw.png */,
				8988DD731BB89F4B00681EDD /* Yellowstone01.jpg */,
				8988DD741BB89F4B00681EDD /* Yellowstone02.jpg */,
				8988DD751BB89F4B00681EDD /* Yellowstone03.jpg */,
				8988DD761BB89F4B00681EDD /* Yellowstone04.jpg */,
				8988DD771BB89F4B00681EDD /* Yosemite01.jpg */,
				8988DD781BB89F4B00681EDD /* Yosemite02.jpg */,
				8988DD791BB89F4B00681EDD /* Yosemite03.jpg */,
				8988DD7A1BB89F4B00681EDD /* Yosemite04.jpg */,
				8988DD7B1BB89F4B00681EDD /* Yosemite05.jpg */,
				8988DD7C1BB89F4B00681EDD /* Yosemite06.jpg */,
				8988DD7D1BB89F4B00681EDD /* Zion01.jpg */,
				8988DD7E1BB89F4B00681EDD /* Zion02.jpg */,
				8988DD7F1BB89F4B00681EDD /* Zion03.jpg */,
			);
			name = "Park Photos";
			sourceTree = "<group>";
		};
		8943750D1BCB6E77002F2662 /* Arrows */ = {
			isa = PBXGroup;
			children = (
				8988DD5D1BB89F4B00681EDD /* arrowDown.png */,
				8988DD5E1BB89F4B00681EDD /* arrowLeft.png */,
				8988DD5F1BB89F4B00681EDD /* arrowRight.png */,
				8988DD601BB89F4B00681EDD /* arrowUp.png */,
			);
			name = Arrows;
			sourceTree = "<group>";
		};
		8943750E1BCB6E8A002F2662 /* Page Instructions */ = {
			isa = PBXGroup;
			children = (
				897C34C21BCEE03F00AFEC94 /* PageInstruction1.png */,
				897C34C31BCEE03F00AFEC94 /* PageInstruction2.png */,
				897C34C41BCEE03F00AFEC94 /* PageInstruction3.png */,
				897C34C51BCEE03F00AFEC94 /* PageInstruction4.png */,
				897C34C61BCEE03F00AFEC94 /* PageInstruction5.png */,
				897C34C71BCEE03F00AFEC94 /* PageInstruction6.png */,
			);
			name = "Page Instructions";
			sourceTree = "<group>";
		};
		894D21901BB897B3006DA7AE = {
			isa = PBXGroup;
			children = (
				894D219B1BB897B4006DA7AE /* Park Explorer */,
				894D21B01BB897B7006DA7AE /* Park ExplorerTests */,
				894D21BB1BB897B7006DA7AE /* Park ExplorerUITests */,
				894D219A1BB897B4006DA7AE /* Products */,
			);
			sourceTree = "<group>";
		};
		894D219A1BB897B4006DA7AE /* Products */ = {
			isa = PBXGroup;
			children = (
				894D21991BB897B4006DA7AE /* Park Explorer.app */,
				894D21AD1BB897B7006DA7AE /* Park ExplorerTests.xctest */,
				894D21B81BB897B7006DA7AE /* Park ExplorerUITests.xctest */,
			);
			name = Products;
			sourceTree = "<group>";
		};
		894D219B1BB897B4006DA7AE /* Park Explorer */ = {
			isa = PBXGroup;
			children = (
				8971D4B81BC3407F0012B096 /* Controllers */,
				8971D4B71BC340790012B096 /* Model */,
				8971D4B61BC3400C0012B096 /* View */,
				8971D4B01BC339EC0012B096 /* Images */,
				8971D4B51BC33FC10012B096 /* Supporting Files */,
			);
			path = "Park Explorer";
			sourceTree = "<group>";
		};
		894D21B01BB897B7006DA7AE /* Park ExplorerTests */ = {
			isa = PBXGroup;
			children = (
				894D21B11BB897B7006DA7AE /* Park_ExplorerTests.swift */,
				894D21B31BB897B7006DA7AE /* Info.plist */,
			);
			path = "Park ExplorerTests";
			sourceTree = "<group>";
		};
		894D21BB1BB897B7006DA7AE /* Park ExplorerUITests */ = {
			isa = PBXGroup;
			children = (
				894D21BC1BB897B7006DA7AE /* Park_ExplorerUITests.swift */,
				894D21BE1BB897B7006DA7AE /* Info.plist */,
			);
			path = "Park ExplorerUITests";
			sourceTree = "<group>";
		};
		8971D4B01BC339EC0012B096 /* Images */ = {
			isa = PBXGroup;
			children = (
				8943750E1BCB6E8A002F2662 /* Page Instructions */,
				8943750D1BCB6E77002F2662 /* Arrows */,
				8943750B1BCB6E56002F2662 /* Park Photos */,
				89ADD20E1BC364EB00F82DBC /* collectionImage.png */,
				89ADD20F1BC364EB00F82DBC /* tableImage.png */,
			);
			name = Images;
			sourceTree = "<group>";
		};
		8971D4B51BC33FC10012B096 /* Supporting Files */ = {
			isa = PBXGroup;
			children = (
				894D21A31BB897B5006DA7AE /* Assets.xcassets */,
				894D21A51BB897B5006DA7AE /* LaunchScreen.storyboard */,
				894D219C1BB897B5006DA7AE /* AppDelegate.swift */,
				894D21A81BB897B5006DA7AE /* Info.plist */,
			);
			name = "Supporting Files";
			sourceTree = "<group>";
		};
		8971D4B61BC3400C0012B096 /* View */ = {
			isa = PBXGroup;
			children = (
				894375031BCB1238002F2662 /* WalkThroughStoryboard.storyboard */,
				894D21A01BB897B5006DA7AE /* Main.storyboard */,
				8971D4B91BC343670012B096 /* ParkTableViewCell.swift */,
				8971D4BF1BC35E590012B096 /* ParkCollectionViewCell.swift */,
				89ADD20C1BC362A600F82DBC /* ParkCollectionReusableView.swift */,
			);
			name = View;
			sourceTree = "<group>";
		};
		8971D4B71BC340790012B096 /* Model */ = {
			isa = PBXGroup;
			children = (
				894D21CA1BB8985D006DA7AE /* Model.swift */,
				8988DD721BB89F4B00681EDD /* Photos.plist */,
			);
			name = Model;
			sourceTree = "<group>";
		};
		8971D4B81BC3407F0012B096 /* Controllers */ = {
			isa = PBXGroup;
			children = (
				894375071BCB243A002F2662 /* ContentViewController.swift */,
				894375051BCB1AB6002F2662 /* WalkThroughPageViewController.swift */,
				894375091BCB5300002F2662 /* RootViewController.swift */,
				894D219E1BB897B5006DA7AE /* ViewController.swift */,
				8971D4BB1BC345190012B096 /* ParkTableViewController.swift */,
				8971D4BD1BC3573D0012B096 /* ParkCollectionViewController.swift */,
				897C3C441BCC3E87001CAE07 /* MasterViewController.swift */,
				897C3C461BCC3F58001CAE07 /* DetailViewController.swift */,
			);
			name = Controllers;
			sourceTree = "<group>";
		};
/* End PBXGroup section */

/* Begin PBXNativeTarget section */
		894D21981BB897B4006DA7AE /* Park Explorer */ = {
			isa = PBXNativeTarget;
			buildConfigurationList = 894D21C11BB897B7006DA7AE /* Build configuration list for PBXNativeTarget "Park Explorer" */;
			buildPhases = (
				894D21951BB897B4006DA7AE /* Sources */,
				894D21961BB897B4006DA7AE /* Frameworks */,
				894D21971BB897B4006DA7AE /* Resources */,
			);
			buildRules = (
			);
			dependencies = (
			);
			name = "Park Explorer";
			productName = "Park Explorer";
			productReference = 894D21991BB897B4006DA7AE /* Park Explorer.app */;
			productType = "com.apple.product-type.application";
		};
		894D21AC1BB897B7006DA7AE /* Park ExplorerTests */ = {
			isa = PBXNativeTarget;
			buildConfigurationList = 894D21C41BB897B7006DA7AE /* Build configuration list for PBXNativeTarget "Park ExplorerTests" */;
			buildPhases = (
				894D21A91BB897B7006DA7AE /* Sources */,
				894D21AA1BB897B7006DA7AE /* Frameworks */,
				894D21AB1BB897B7006DA7AE /* Resources */,
			);
			buildRules = (
			);
			dependencies = (
				894D21AF1BB897B7006DA7AE /* PBXTargetDependency */,
			);
			name = "Park ExplorerTests";
			productName = "Park ExplorerTests";
			productReference = 894D21AD1BB897B7006DA7AE /* Park ExplorerTests.xctest */;
			productType = "com.apple.product-type.bundle.unit-test";
		};
		894D21B71BB897B7006DA7AE /* Park ExplorerUITests */ = {
			isa = PBXNativeTarget;
			buildConfigurationList = 894D21C71BB897B7006DA7AE /* Build configuration list for PBXNativeTarget "Park ExplorerUITests" */;
			buildPhases = (
				894D21B41BB897B7006DA7AE /* Sources */,
				894D21B51BB897B7006DA7AE /* Frameworks */,
				894D21B61BB897B7006DA7AE /* Resources */,
			);
			buildRules = (
			);
			dependencies = (
				894D21BA1BB897B7006DA7AE /* PBXTargetDependency */,
			);
			name = "Park ExplorerUITests";
			productName = "Park ExplorerUITests";
			productReference = 894D21B81BB897B7006DA7AE /* Park ExplorerUITests.xctest */;
			productType = "com.apple.product-type.bundle.ui-testing";
		};
/* End PBXNativeTarget section */

/* Begin PBXProject section */
		894D21911BB897B3006DA7AE /* Project object */ = {
			isa = PBXProject;
			attributes = {
				LastUpgradeCheck = 0700;
				ORGANIZATIONNAME = "Lauren Bosse";
				TargetAttributes = {
					894D21981BB897B4006DA7AE = {
						CreatedOnToolsVersion = 7.0;
					};
					894D21AC1BB897B7006DA7AE = {
						CreatedOnToolsVersion = 7.0;
						TestTargetID = 894D21981BB897B4006DA7AE;
					};
					894D21B71BB897B7006DA7AE = {
						CreatedOnToolsVersion = 7.0;
						TestTargetID = 894D21981BB897B4006DA7AE;
					};
				};
			};
			buildConfigurationList = 894D21941BB897B3006DA7AE /* Build configuration list for PBXProject "Park Explorer" */;
			compatibilityVersion = "Xcode 3.2";
			developmentRegion = English;
			hasScannedForEncodings = 0;
			knownRegions = (
				en,
				Base,
			);
			mainGroup = 894D21901BB897B3006DA7AE;
			productRefGroup = 894D219A1BB897B4006DA7AE /* Products */;
			projectDirPath = "";
			projectRoot = "";
			targets = (
				894D21981BB897B4006DA7AE /* Park Explorer */,
				894D21AC1BB897B7006DA7AE /* Park ExplorerTests */,
				894D21B71BB897B7006DA7AE /* Park ExplorerUITests */,
			);
		};
/* End PBXProject section */

/* Begin PBXResourcesBuildPhase section */
		894D21971BB897B4006DA7AE /* Resources */ = {
			isa = PBXResourcesBuildPhase;
			buildActionMask = 2147483647;
			files = (
				8988DD961BB89F4B00681EDD /* Yellowstone01.jpg in Resources */,
				8988DD9B1BB89F4B00681EDD /* Yosemite02.jpg in Resources */,
				8988DD821BB89F4B00681EDD /* arrowRight.png in Resources */,
				894D21A71BB897B5006DA7AE /* LaunchScreen.storyboard in Resources */,
				89ADD2111BC364EB00F82DBC /* tableImage.png in Resources */,
				897C34C81BCEE03F00AFEC94 /* PageInstruction1.png in Resources */,
				8988DDA21BB89F4B00681EDD /* Zion03.jpg in Resources */,
				8988DD931BB89F4B00681EDD /* nps-logo.png in Resources */,
				8988DD8F1BB89F4B00681EDD /* Glacier03.jpg in Resources */,
				897C34CA1BCEE03F00AFEC94 /* PageInstruction3.png in Resources */,
				89ADD2101BC364EB00F82DBC /* collectionImage.png in Resources */,
				8988DDA01BB89F4B00681EDD /* Zion01.jpg in Resources */,
				8988DD921BB89F4B00681EDD /* GrandTeton02.jpg in Resources */,
				8988DD891BB89F4B00681EDD /* Carlsbad03.jpg in Resources */,
				8988DD8C1BB89F4B00681EDD /* Everglades02.jpg in Resources */,
				8988DD861BB89F4B00681EDD /* BryceCanyon03.jpg in Resources */,
				8988DD8D1BB89F4B00681EDD /* Glacier01.jpg in Resources */,
				8988DD951BB89F4B00681EDD /* Photos.plist in Resources */,
				8988DD9A1BB89F4B00681EDD /* Yosemite01.jpg in Resources */,
				8988DD811BB89F4B00681EDD /* arrowLeft.png in Resources */,
				894D21A41BB897B5006DA7AE /* Assets.xcassets in Resources */,
				897C34CD1BCEE03F00AFEC94 /* PageInstruction6.png in Resources */,
				8988DD9C1BB89F4B00681EDD /* Yosemite03.jpg in Resources */,
				8988DD851BB89F4B00681EDD /* BryceCanyon02.jpg in Resources */,
				8988DD8A1BB89F4B00681EDD /* Carlsbad04.jpg in Resources */,
				8988DD901BB89F4B00681EDD /* Glacier04.jpg in Resources */,
				8988DDA11BB89F4B00681EDD /* Zion02.jpg in Resources */,
				8988DD981BB89F4B00681EDD /* Yellowstone03.jpg in Resources */,
				897C34CC1BCEE03F00AFEC94 /* PageInstruction5.png in Resources */,
				8988DD991BB89F4B00681EDD /* Yellowstone04.jpg in Resources */,
				8988DD941BB89F4B00681EDD /* NPSbw.png in Resources */,
				8988DD871BB89F4B00681EDD /* Carlsbad01.jpg in Resources */,
				8988DD971BB89F4B00681EDD /* Yellowstone02.jpg in Resources */,
				8988DD8E1BB89F4B00681EDD /* Glacier02.jpg in Resources */,
				8988DD9E1BB89F4B00681EDD /* Yosemite05.jpg in Resources */,
				894D21A21BB897B5006DA7AE /* Main.storyboard in Resources */,
				894375041BCB1238002F2662 /* WalkThroughStoryboard.storyboard in Resources */,
				8988DD831BB89F4B00681EDD /* arrowUp.png in Resources */,
				8988DD841BB89F4B00681EDD /* BryceCanyon01.jpg in Resources */,
				8988DD911BB89F4B00681EDD /* GrandTeton01.jpg in Resources */,
				897C34C91BCEE03F00AFEC94 /* PageInstruction2.png in Resources */,
				8988DD9D1BB89F4B00681EDD /* Yosemite04.jpg in Resources */,
				8988DD9F1BB89F4B00681EDD /* Yosemite06.jpg in Resources */,
				897C34CB1BCEE03F00AFEC94 /* PageInstruction4.png in Resources */,
				8988DD801BB89F4B00681EDD /* arrowDown.png in Resources */,
				8988DD8B1BB89F4B00681EDD /* Everglades01.jpg in Resources */,
				8988DD881BB89F4B00681EDD /* Carlsbad02.jpg in Resources */,
			);
			runOnlyForDeploymentPostprocessing = 0;
		};
		894D21AB1BB897B7006DA7AE /* Resources */ = {
			isa = PBXResourcesBuildPhase;
			buildActionMask = 2147483647;
			files = (
			);
			runOnlyForDeploymentPostprocessing = 0;
		};
		894D21B61BB897B7006DA7AE /* Resources */ = {
			isa = PBXResourcesBuildPhase;
			buildActionMask = 2147483647;
			files = (
			);
			runOnlyForDeploymentPostprocessing = 0;
		};
/* End PBXResourcesBuildPhase section */

/* Begin PBXSourcesBuildPhase section */
		894D21951BB897B4006DA7AE /* Sources */ = {
			isa = PBXSourcesBuildPhase;
			buildActionMask = 2147483647;
			files = (
				897C3C471BCC3F58001CAE07 /* DetailViewController.swift in Sources */,
				894375081BCB243A002F2662 /* ContentViewController.swift in Sources */,
				894D21CB1BB8985D006DA7AE /* Model.swift in Sources */,
				894D219F1BB897B5006DA7AE /* ViewController.swift in Sources */,
				8943750A1BCB5300002F2662 /* RootViewController.swift in Sources */,
				8971D4BE1BC3573D0012B096 /* ParkCollectionViewController.swift in Sources */,
				894D219D1BB897B5006DA7AE /* AppDelegate.swift in Sources */,
				8971D4C01BC35E590012B096 /* ParkCollectionViewCell.swift in Sources */,
				8971D4BC1BC345190012B096 /* ParkTableViewController.swift in Sources */,
				897C3C451BCC3E87001CAE07 /* MasterViewController.swift in Sources */,
				89ADD20D1BC362A600F82DBC /* ParkCollectionReusableView.swift in Sources */,
				8971D4BA1BC343670012B096 /* ParkTableViewCell.swift in Sources */,
				894375061BCB1AB7002F2662 /* WalkThroughPageViewController.swift in Sources */,
			);
			runOnlyForDeploymentPostprocessing = 0;
		};
		894D21A91BB897B7006DA7AE /* Sources */ = {
			isa = PBXSourcesBuildPhase;
			buildActionMask = 2147483647;
			files = (
				894D21B21BB897B7006DA7AE /* Park_ExplorerTests.swift in Sources */,
			);
			runOnlyForDeploymentPostprocessing = 0;
		};
		894D21B41BB897B7006DA7AE /* Sources */ = {
			isa = PBXSourcesBuildPhase;
			buildActionMask = 2147483647;
			files = (
				894D21BD1BB897B7006DA7AE /* Park_ExplorerUITests.swift in Sources */,
			);
			runOnlyForDeploymentPostprocessing = 0;
		};
/* End PBXSourcesBuildPhase section */

/* Begin PBXTargetDependency section */
		894D21AF1BB897B7006DA7AE /* PBXTargetDependency */ = {
			isa = PBXTargetDependency;
			target = 894D21981BB897B4006DA7AE /* Park Explorer */;
			targetProxy = 894D21AE1BB897B7006DA7AE /* PBXContainerItemProxy */;
		};
		894D21BA1BB897B7006DA7AE /* PBXTargetDependency */ = {
			isa = PBXTargetDependency;
			target = 894D21981BB897B4006DA7AE /* Park Explorer */;
			targetProxy = 894D21B91BB897B7006DA7AE /* PBXContainerItemProxy */;
		};
/* End PBXTargetDependency section */

/* Begin PBXVariantGroup section */
		894D21A01BB897B5006DA7AE /* Main.storyboard */ = {
			isa = PBXVariantGroup;
			children = (
				894D21A11BB897B5006DA7AE /* Base */,
			);
			name = Main.storyboard;
			sourceTree = "<group>";
		};
		894D21A51BB897B5006DA7AE /* LaunchScreen.storyboard */ = {
			isa = PBXVariantGroup;
			children = (
				894D21A61BB897B5006DA7AE /* Base */,
			);
			name = LaunchScreen.storyboard;
			sourceTree = "<group>";
		};
/* End PBXVariantGroup section */

/* Begin XCBuildConfiguration section */
		894D21BF1BB897B7006DA7AE /* Debug */ = {
			isa = XCBuildConfiguration;
			buildSettings = {
				ALWAYS_SEARCH_USER_PATHS = NO;
				CLANG_CXX_LANGUAGE_STANDARD = "gnu++0x";
				CLANG_CXX_LIBRARY = "libc++";
				CLANG_ENABLE_MODULES = YES;
				CLANG_ENABLE_OBJC_ARC = YES;
				CLANG_WARN_BOOL_CONVERSION = YES;
				CLANG_WARN_CONSTANT_CONVERSION = YES;
				CLANG_WARN_DIRECT_OBJC_ISA_USAGE = YES_ERROR;
				CLANG_WARN_EMPTY_BODY = YES;
				CLANG_WARN_ENUM_CONVERSION = YES;
				CLANG_WARN_INT_CONVERSION = YES;
				CLANG_WARN_OBJC_ROOT_CLASS = YES_ERROR;
				CLANG_WARN_UNREACHABLE_CODE = YES;
				CLANG_WARN__DUPLICATE_METHOD_MATCH = YES;
				"CODE_SIGN_IDENTITY[sdk=iphoneos*]" = "iPhone Developer";
				COPY_PHASE_STRIP = NO;
				DEBUG_INFORMATION_FORMAT = dwarf;
				ENABLE_STRICT_OBJC_MSGSEND = YES;
				ENABLE_TESTABILITY = YES;
				GCC_C_LANGUAGE_STANDARD = gnu99;
				GCC_DYNAMIC_NO_PIC = NO;
				GCC_NO_COMMON_BLOCKS = YES;
				GCC_OPTIMIZATION_LEVEL = 0;
				GCC_PREPROCESSOR_DEFINITIONS = (
					"DEBUG=1",
					"$(inherited)",
				);
				GCC_WARN_64_TO_32_BIT_CONVERSION = YES;
				GCC_WARN_ABOUT_RETURN_TYPE = YES_ERROR;
				GCC_WARN_UNDECLARED_SELECTOR = YES;
				GCC_WARN_UNINITIALIZED_AUTOS = YES_AGGRESSIVE;
				GCC_WARN_UNUSED_FUNCTION = YES;
				GCC_WARN_UNUSED_VARIABLE = YES;
				IPHONEOS_DEPLOYMENT_TARGET = 9.0;
				MTL_ENABLE_DEBUG_INFO = YES;
				ONLY_ACTIVE_ARCH = YES;
				SDKROOT = iphoneos;
				SWIFT_OPTIMIZATION_LEVEL = "-Onone";
				TARGETED_DEVICE_FAMILY = "1,2";
			};
			name = Debug;
		};
		894D21C01BB897B7006DA7AE /* Release */ = {
			isa = XCBuildConfiguration;
			buildSettings = {
				ALWAYS_SEARCH_USER_PATHS = NO;
				CLANG_CXX_LANGUAGE_STANDARD = "gnu++0x";
				CLANG_CXX_LIBRARY = "libc++";
				CLANG_ENABLE_MODULES = YES;
				CLANG_ENABLE_OBJC_ARC = YES;
				CLANG_WARN_BOOL_CONVERSION = YES;
				CLANG_WARN_CONSTANT_CONVERSION = YES;
				CLANG_WARN_DIRECT_OBJC_ISA_USAGE = YES_ERROR;
				CLANG_WARN_EMPTY_BODY = YES;
				CLANG_WARN_ENUM_CONVERSION = YES;
				CLANG_WARN_INT_CONVERSION = YES;
				CLANG_WARN_OBJC_ROOT_CLASS = YES_ERROR;
				CLANG_WARN_UNREACHABLE_CODE = YES;
				CLANG_WARN__DUPLICATE_METHOD_MATCH = YES;
				"CODE_SIGN_IDENTITY[sdk=iphoneos*]" = "iPhone Developer";
				COPY_PHASE_STRIP = NO;
				DEBUG_INFORMATION_FORMAT = "dwarf-with-dsym";
				ENABLE_NS_ASSERTIONS = NO;
				ENABLE_STRICT_OBJC_MSGSEND = YES;
				GCC_C_LANGUAGE_STANDARD = gnu99;
				GCC_NO_COMMON_BLOCKS = YES;
				GCC_WARN_64_TO_32_BIT_CONVERSION = YES;
				GCC_WARN_ABOUT_RETURN_TYPE = YES_ERROR;
				GCC_WARN_UNDECLARED_SELECTOR = YES;
				GCC_WARN_UNINITIALIZED_AUTOS = YES_AGGRESSIVE;
				GCC_WARN_UNUSED_FUNCTION = YES;
				GCC_WARN_UNUSED_VARIABLE = YES;
				IPHONEOS_DEPLOYMENT_TARGET = 9.0;
				MTL_ENABLE_DEBUG_INFO = NO;
				SDKROOT = iphoneos;
				TARGETED_DEVICE_FAMILY = "1,2";
				VALIDATE_PRODUCT = YES;
			};
			name = Release;
		};
		894D21C21BB897B7006DA7AE /* Debug */ = {
			isa = XCBuildConfiguration;
			buildSettings = {
				ASSETCATALOG_COMPILER_APPICON_NAME = AppIcon;
				INFOPLIST_FILE = "Park Explorer/Info.plist";
				IPHONEOS_DEPLOYMENT_TARGET = 9.0;
				LD_RUNPATH_SEARCH_PATHS = "$(inherited) @executable_path/Frameworks";
				PRODUCT_BUNDLE_IDENTIFIER = "edu.psu.cse.lwb122.Park-Explorer";
				PRODUCT_NAME = "$(TARGET_NAME)";
			};
			name = Debug;
		};
		894D21C31BB897B7006DA7AE /* Release */ = {
			isa = XCBuildConfiguration;
			buildSettings = {
				ASSETCATALOG_COMPILER_APPICON_NAME = AppIcon;
				INFOPLIST_FILE = "Park Explorer/Info.plist";
				IPHONEOS_DEPLOYMENT_TARGET = 9.0;
				LD_RUNPATH_SEARCH_PATHS = "$(inherited) @executable_path/Frameworks";
				PRODUCT_BUNDLE_IDENTIFIER = "edu.psu.cse.lwb122.Park-Explorer";
				PRODUCT_NAME = "$(TARGET_NAME)";
			};
			name = Release;
		};
		894D21C51BB897B7006DA7AE /* Debug */ = {
			isa = XCBuildConfiguration;
			buildSettings = {
				BUNDLE_LOADER = "$(TEST_HOST)";
				INFOPLIST_FILE = "Park ExplorerTests/Info.plist";
				LD_RUNPATH_SEARCH_PATHS = "$(inherited) @executable_path/Frameworks @loader_path/Frameworks";
				PRODUCT_BUNDLE_IDENTIFIER = "edu.psu.cse.lwb122.Park-ExplorerTests";
				PRODUCT_NAME = "$(TARGET_NAME)";
				TEST_HOST = "$(BUILT_PRODUCTS_DIR)/Park Explorer.app/Park Explorer";
			};
			name = Debug;
		};
		894D21C61BB897B7006DA7AE /* Release */ = {
			isa = XCBuildConfiguration;
			buildSettings = {
				BUNDLE_LOADER = "$(TEST_HOST)";
				INFOPLIST_FILE = "Park ExplorerTests/Info.plist";
				LD_RUNPATH_SEARCH_PATHS = "$(inherited) @executable_path/Frameworks @loader_path/Frameworks";
				PRODUCT_BUNDLE_IDENTIFIER = "edu.psu.cse.lwb122.Park-ExplorerTests";
				PRODUCT_NAME = "$(TARGET_NAME)";
				TEST_HOST = "$(BUILT_PRODUCTS_DIR)/Park Explorer.app/Park Explorer";
			};
			name = Release;
		};
		894D21C81BB897B7006DA7AE /* Debug */ = {
			isa = XCBuildConfiguration;
			buildSettings = {
				INFOPLIST_FILE = "Park ExplorerUITests/Info.plist";
				LD_RUNPATH_SEARCH_PATHS = "$(inherited) @executable_path/Frameworks @loader_path/Frameworks";
				PRODUCT_BUNDLE_IDENTIFIER = "edu.psu.cse.lwb122.Park-ExplorerUITests";
				PRODUCT_NAME = "$(TARGET_NAME)";
				TEST_TARGET_NAME = "Park Explorer";
				USES_XCTRUNNER = YES;
			};
			name = Debug;
		};
		894D21C91BB897B7006DA7AE /* Release */ = {
			isa = XCBuildConfiguration;
			buildSettings = {
				INFOPLIST_FILE = "Park ExplorerUITests/Info.plist";
				LD_RUNPATH_SEARCH_PATHS = "$(inherited) @executable_path/Frameworks @loader_path/Frameworks";
				PRODUCT_BUNDLE_IDENTIFIER = "edu.psu.cse.lwb122.Park-ExplorerUITests";
				PRODUCT_NAME = "$(TARGET_NAME)";
				TEST_TARGET_NAME = "Park Explorer";
				USES_XCTRUNNER = YES;
			};
			name = Release;
		};
/* End XCBuildConfiguration section */

/* Begin XCConfigurationList section */
		894D21941BB897B3006DA7AE /* Build configuration list for PBXProject "Park Explorer" */ = {
			isa = XCConfigurationList;
			buildConfigurations = (
				894D21BF1BB897B7006DA7AE /* Debug */,
				894D21C01BB897B7006DA7AE /* Release */,
			);
			defaultConfigurationIsVisible = 0;
			defaultConfigurationName = Release;
		};
		894D21C11BB897B7006DA7AE /* Build configuration list for PBXNativeTarget "Park Explorer" */ = {
			isa = XCConfigurationList;
			buildConfigurations = (
				894D21C21BB897B7006DA7AE /* Debug */,
				894D21C31BB897B7006DA7AE /* Release */,
			);
			defaultConfigurationIsVisible = 0;
			defaultConfigurationName = Release;
		};
		894D21C41BB897B7006DA7AE /* Build configuration list for PBXNativeTarget "Park ExplorerTests" */ = {
			isa = XCConfigurationList;
			buildConfigurations = (
				894D21C51BB897B7006DA7AE /* Debug */,
				894D21C61BB897B7006DA7AE /* Release */,
			);
			defaultConfigurationIsVisible = 0;
			defaultConfigurationName = Release;
		};
		894D21C71BB897B7006DA7AE /* Build configuration list for PBXNativeTarget "Park ExplorerUITests" */ = {
			isa = XCConfigurationList;
			buildConfigurations = (
				894D21C81BB897B7006DA7AE /* Debug */,
				894D21C91BB897B7006DA7AE /* Release */,
			);
			defaultConfigurationIsVisible = 0;
			defaultConfigurationName = Release;
		};
/* End XCConfigurationList section */
	};
	rootObject = 894D21911BB897B3006DA7AE /* Project object */;
}
