// !$*UTF8*$!
{
	archiveVersion = 1;
	classes = {
	};
	objectVersion = 46;
	objects = {

/* Begin PBXBuildFile section */
		895C0B401BD6ECC500718E38 /* Model.swift in Sources */ = {isa = PBXBuildFile; fileRef = 895C0B3F1BD6ECC500718E38 /* Model.swift */; settings = {ASSET_TAGS = (); }; };
		895C0B841BD7060000718E38 /* MapKit.framework in Frameworks */ = {isa = PBXBuildFile; fileRef = 895C0B831BD7060000718E38 /* MapKit.framework */; };
		895C0B871BD7074200718E38 /* String+FirstLetter.swift in Sources */ = {isa = PBXBuildFile; fileRef = 895C0B861BD7074200718E38 /* String+FirstLetter.swift */; settings = {ASSET_TAGS = (); }; };
		895C0B901BD8050900718E38 /* BuildingTableViewController.swift in Sources */ = {isa = PBXBuildFile; fileRef = 895C0B8F1BD8050900718E38 /* BuildingTableViewController.swift */; settings = {ASSET_TAGS = (); }; };
		895C0B921BD8061B00718E38 /* BuildingTableViewCell.swift in Sources */ = {isa = PBXBuildFile; fileRef = 895C0B911BD8061B00718E38 /* BuildingTableViewCell.swift */; settings = {ASSET_TAGS = (); }; };
		895C0B9D1BD84A0000718E38 /* emptyStar.png in Resources */ = {isa = PBXBuildFile; fileRef = 895C0B9B1BD84A0000718E38 /* emptyStar.png */; settings = {ASSET_TAGS = (); }; };
		895C0B9E1BD84A0000718E38 /* filledStar.png in Resources */ = {isa = PBXBuildFile; fileRef = 895C0B9C1BD84A0000718E38 /* filledStar.png */; settings = {ASSET_TAGS = (); }; };
		89A632CE1BD5626500CCE5BC /* AppDelegate.swift in Sources */ = {isa = PBXBuildFile; fileRef = 89A632CD1BD5626500CCE5BC /* AppDelegate.swift */; };
		89A632D01BD5626500CCE5BC /* ViewController.swift in Sources */ = {isa = PBXBuildFile; fileRef = 89A632CF1BD5626500CCE5BC /* ViewController.swift */; };
		89A632D31BD5626500CCE5BC /* Main.storyboard in Resources */ = {isa = PBXBuildFile; fileRef = 89A632D11BD5626500CCE5BC /* Main.storyboard */; };
		89A632D51BD5626500CCE5BC /* Assets.xcassets in Resources */ = {isa = PBXBuildFile; fileRef = 89A632D41BD5626500CCE5BC /* Assets.xcassets */; };
		89A632D81BD5626500CCE5BC /* LaunchScreen.storyboard in Resources */ = {isa = PBXBuildFile; fileRef = 89A632D61BD5626500CCE5BC /* LaunchScreen.storyboard */; };
		89A632E31BD5626600CCE5BC /* Campus_WalkTests.swift in Sources */ = {isa = PBXBuildFile; fileRef = 89A632E21BD5626600CCE5BC /* Campus_WalkTests.swift */; };
		89A632EE1BD5626600CCE5BC /* Campus_WalkUITests.swift in Sources */ = {isa = PBXBuildFile; fileRef = 89A632ED1BD5626600CCE5BC /* Campus_WalkUITests.swift */; };
		89F7042A1BD9649100AC760A /* CustomMKAnnotation.swift in Sources */ = {isa = PBXBuildFile; fileRef = 89F704291BD9649100AC760A /* CustomMKAnnotation.swift */; settings = {ASSET_TAGS = (); }; };
		89F704311BD972F800AC760A /* StarPin.png in Resources */ = {isa = PBXBuildFile; fileRef = 89F704301BD972F800AC760A /* StarPin.png */; settings = {ASSET_TAGS = (); }; };
		89F704351BD9787900AC760A /* BluePin.png in Resources */ = {isa = PBXBuildFile; fileRef = 89F704341BD9787900AC760A /* BluePin.png */; settings = {ASSET_TAGS = (); }; };
		89F704391BD99C0800AC760A /* BuildingIcon.png in Resources */ = {isa = PBXBuildFile; fileRef = 89F704381BD99C0800AC760A /* BuildingIcon.png */; settings = {ASSET_TAGS = (); }; };
		89F7043B1BD99C1600AC760A /* StarBarBackground.png in Resources */ = {isa = PBXBuildFile; fileRef = 89F7043A1BD99C1600AC760A /* StarBarBackground.png */; settings = {ASSET_TAGS = (); }; };
		89F7045C1BD9C07900AC760A /* agadmin.jpg in Resources */ = {isa = PBXBuildFile; fileRef = 89F7043D1BD9C07900AC760A /* agadmin.jpg */; settings = {ASSET_TAGS = (); }; };
		89F7045D1BD9C07900AC760A /* ageng.jpg in Resources */ = {isa = PBXBuildFile; fileRef = 89F7043E1BD9C07900AC760A /* ageng.jpg */; settings = {ASSET_TAGS = (); }; };
		89F7045E1BD9C07900AC760A /* appliedscience.jpg in Resources */ = {isa = PBXBuildFile; fileRef = 89F7043F1BD9C07900AC760A /* appliedscience.jpg */; settings = {ASSET_TAGS = (); }; };
		89F7045F1BD9C07900AC760A /* armsby.jpg in Resources */ = {isa = PBXBuildFile; fileRef = 89F704401BD9C07900AC760A /* armsby.jpg */; settings = {ASSET_TAGS = (); }; };
		89F704601BD9C07900AC760A /* arts.jpg in Resources */ = {isa = PBXBuildFile; fileRef = 89F704411BD9C07900AC760A /* arts.jpg */; settings = {ASSET_TAGS = (); }; };
		89F704611BD9C07900AC760A /* atherton.jpg in Resources */ = {isa = PBXBuildFile; fileRef = 89F704421BD9C07900AC760A /* atherton.jpg */; settings = {ASSET_TAGS = (); }; };
		89F704621BD9C07900AC760A /* beaver.jpg in Resources */ = {isa = PBXBuildFile; fileRef = 89F704431BD9C07900AC760A /* beaver.jpg */; settings = {ASSET_TAGS = (); }; };
		89F704631BD9C07900AC760A /* biomechanics.jpg in Resources */ = {isa = PBXBuildFile; fileRef = 89F704441BD9C07900AC760A /* biomechanics.jpg */; settings = {ASSET_TAGS = (); }; };
		89F704641BD9C07900AC760A /* borland.jpg in Resources */ = {isa = PBXBuildFile; fileRef = 89F704451BD9C07900AC760A /* borland.jpg */; settings = {ASSET_TAGS = (); }; };
		89F704651BD9C07900AC760A /* boucke.jpg in Resources */ = {isa = PBXBuildFile; fileRef = 89F704461BD9C07900AC760A /* boucke.jpg */; settings = {ASSET_TAGS = (); }; };
		89F704661BD9C07900AC760A /* brumbaugh.jpg in Resources */ = {isa = PBXBuildFile; fileRef = 89F704471BD9C07900AC760A /* brumbaugh.jpg */; settings = {ASSET_TAGS = (); }; };
		89F704671BD9C07900AC760A /* brycejordan.jpg in Resources */ = {isa = PBXBuildFile; fileRef = 89F704481BD9C07900AC760A /* brycejordan.jpg */; settings = {ASSET_TAGS = (); }; };
		89F704681BD9C07900AC760A /* buckhout.jpg in Resources */ = {isa = PBXBuildFile; fileRef = 89F704491BD9C07900AC760A /* buckhout.jpg */; settings = {ASSET_TAGS = (); }; };
		89F704691BD9C07900AC760A /* burrowes.jpg in Resources */ = {isa = PBXBuildFile; fileRef = 89F7044A1BD9C07900AC760A /* burrowes.jpg */; settings = {ASSET_TAGS = (); }; };
		89F7046A1BD9C07900AC760A /* businessbuilding.jpg in Resources */ = {isa = PBXBuildFile; fileRef = 89F7044B1BD9C07900AC760A /* businessbuilding.jpg */; settings = {ASSET_TAGS = (); }; };
		89F7046B1BD9C07900AC760A /* carnegie.jpg in Resources */ = {isa = PBXBuildFile; fileRef = 89F7044C1BD9C07900AC760A /* carnegie.jpg */; settings = {ASSET_TAGS = (); }; };
		89F7046C1BD9C07900AC760A /* carpenter.jpg in Resources */ = {isa = PBXBuildFile; fileRef = 89F7044D1BD9C07900AC760A /* carpenter.jpg */; settings = {ASSET_TAGS = (); }; };
		89F7046D1BD9C07900AC760A /* chambers.jpg in Resources */ = {isa = PBXBuildFile; fileRef = 89F7044E1BD9C07900AC760A /* chambers.jpg */; settings = {ASSET_TAGS = (); }; };
		89F7046E1BD9C07900AC760A /* chandlee.jpg in Resources */ = {isa = PBXBuildFile; fileRef = 89F7044F1BD9C07900AC760A /* chandlee.jpg */; settings = {ASSET_TAGS = (); }; };
		89F7046F1BD9C07900AC760A /* chapel.jpg in Resources */ = {isa = PBXBuildFile; fileRef = 89F704501BD9C07900AC760A /* chapel.jpg */; settings = {ASSET_TAGS = (); }; };
		89F704701BD9C07900AC760A /* chemistry.jpg in Resources */ = {isa = PBXBuildFile; fileRef = 89F704511BD9C07900AC760A /* chemistry.jpg */; settings = {ASSET_TAGS = (); }; };
		89F704711BD9C07900AC760A /* computer.jpg in Resources */ = {isa = PBXBuildFile; fileRef = 89F704521BD9C07900AC760A /* computer.jpg */; settings = {ASSET_TAGS = (); }; };
		89F704721BD9C07900AC760A /* davey.jpg in Resources */ = {isa = PBXBuildFile; fileRef = 89F704531BD9C07900AC760A /* davey.jpg */; settings = {ASSET_TAGS = (); }; };
		89F704731BD9C07900AC760A /* deike.jpg in Resources */ = {isa = PBXBuildFile; fileRef = 89F704541BD9C07900AC760A /* deike.jpg */; settings = {ASSET_TAGS = (); }; };
		89F704741BD9C07900AC760A /* earthengineeringsciences.jpg in Resources */ = {isa = PBXBuildFile; fileRef = 89F704551BD9C07900AC760A /* earthengineeringsciences.jpg */; settings = {ASSET_TAGS = (); }; };
		89F704751BD9C07900AC760A /* eeeast.jpg in Resources */ = {isa = PBXBuildFile; fileRef = 89F704561BD9C07900AC760A /* eeeast.jpg */; settings = {ASSET_TAGS = (); }; };
		89F704761BD9C07900AC760A /* eewest.jpg in Resources */ = {isa = PBXBuildFile; fileRef = 89F704571BD9C07900AC760A /* eewest.jpg */; settings = {ASSET_TAGS = (); }; };
		89F704771BD9C07900AC760A /* eisenhower.jpg in Resources */ = {isa = PBXBuildFile; fileRef = 89F704581BD9C07900AC760A /* eisenhower.jpg */; settings = {ASSET_TAGS = (); }; };
		89F704781BD9C07900AC760A /* eisenhowerparking.jpg in Resources */ = {isa = PBXBuildFile; fileRef = 89F704591BD9C07900AC760A /* eisenhowerparking.jpg */; settings = {ASSET_TAGS = (); }; };
		89F704791BD9C07900AC760A /* engunit.jpg in Resources */ = {isa = PBXBuildFile; fileRef = 89F7045A1BD9C07900AC760A /* engunit.jpg */; settings = {ASSET_TAGS = (); }; };
		89F7047A1BD9C07900AC760A /* smeal.jpg in Resources */ = {isa = PBXBuildFile; fileRef = 89F7045B1BD9C07900AC760A /* smeal.jpg */; settings = {ASSET_TAGS = (); }; };
		89F7047C1BD9C08200AC760A /* buildings.plist in Resources */ = {isa = PBXBuildFile; fileRef = 89F7047B1BD9C08200AC760A /* buildings.plist */; settings = {ASSET_TAGS = (); }; };
/* End PBXBuildFile section */

/* Begin PBXContainerItemProxy section */
		89A632DF1BD5626600CCE5BC /* PBXContainerItemProxy */ = {
			isa = PBXContainerItemProxy;
			containerPortal = 89A632C21BD5626400CCE5BC /* Project object */;
			proxyType = 1;
			remoteGlobalIDString = 89A632C91BD5626500CCE5BC;
			remoteInfo = "Campus Walk";
		};
		89A632EA1BD5626600CCE5BC /* PBXContainerItemProxy */ = {
			isa = PBXContainerItemProxy;
			containerPortal = 89A632C21BD5626400CCE5BC /* Project object */;
			proxyType = 1;
			remoteGlobalIDString = 89A632C91BD5626500CCE5BC;
			remoteInfo = "Campus Walk";
		};
/* End PBXContainerItemProxy section */

/* Begin PBXFileReference section */
		895C0B3F1BD6ECC500718E38 /* Model.swift */ = {isa = PBXFileReference; fileEncoding = 4; lastKnownFileType = sourcecode.swift; path = Model.swift; sourceTree = "<group>"; };
		895C0B831BD7060000718E38 /* MapKit.framework */ = {isa = PBXFileReference; lastKnownFileType = wrapper.framework; name = MapKit.framework; path = System/Library/Frameworks/MapKit.framework; sourceTree = SDKROOT; };
		895C0B861BD7074200718E38 /* String+FirstLetter.swift */ = {isa = PBXFileReference; fileEncoding = 4; lastKnownFileType = sourcecode.swift; path = "String+FirstLetter.swift"; sourceTree = "<group>"; };
		895C0B8F1BD8050900718E38 /* BuildingTableViewController.swift */ = {isa = PBXFileReference; fileEncoding = 4; lastKnownFileType = sourcecode.swift; path = BuildingTableViewController.swift; sourceTree = "<group>"; };
		895C0B911BD8061B00718E38 /* BuildingTableViewCell.swift */ = {isa = PBXFileReference; fileEncoding = 4; lastKnownFileType = sourcecode.swift; path = BuildingTableViewCell.swift; sourceTree = "<group>"; };
		895C0B9B1BD84A0000718E38 /* emptyStar.png */ = {isa = PBXFileReference; lastKnownFileType = image.png; path = emptyStar.png; sourceTree = "<group>"; };
		895C0B9C1BD84A0000718E38 /* filledStar.png */ = {isa = PBXFileReference; lastKnownFileType = image.png; path = filledStar.png; sourceTree = "<group>"; };
		89A632CA1BD5626500CCE5BC /* Campus Walk.app */ = {isa = PBXFileReference; explicitFileType = wrapper.application; includeInIndex = 0; path = "Campus Walk.app"; sourceTree = BUILT_PRODUCTS_DIR; };
		89A632CD1BD5626500CCE5BC /* AppDelegate.swift */ = {isa = PBXFileReference; lastKnownFileType = sourcecode.swift; path = AppDelegate.swift; sourceTree = "<group>"; };
		89A632CF1BD5626500CCE5BC /* ViewController.swift */ = {isa = PBXFileReference; lastKnownFileType = sourcecode.swift; path = ViewController.swift; sourceTree = "<group>"; };
		89A632D21BD5626500CCE5BC /* Base */ = {isa = PBXFileReference; lastKnownFileType = file.storyboard; name = Base; path = Base.lproj/Main.storyboard; sourceTree = "<group>"; };
		89A632D41BD5626500CCE5BC /* Assets.xcassets */ = {isa = PBXFileReference; lastKnownFileType = folder.assetcatalog; path = Assets.xcassets; sourceTree = "<group>"; };
		89A632D71BD5626500CCE5BC /* Base */ = {isa = PBXFileReference; lastKnownFileType = file.storyboard; name = Base; path = Base.lproj/LaunchScreen.storyboard; sourceTree = "<group>"; };
		89A632D91BD5626500CCE5BC /* Info.plist */ = {isa = PBXFileReference; lastKnownFileType = text.plist.xml; path = Info.plist; sourceTree = "<group>"; };
		89A632DE1BD5626600CCE5BC /* Campus WalkTests.xctest */ = {isa = PBXFileReference; explicitFileType = wrapper.cfbundle; includeInIndex = 0; path = "Campus WalkTests.xctest"; sourceTree = BUILT_PRODUCTS_DIR; };
		89A632E21BD5626600CCE5BC /* Campus_WalkTests.swift */ = {isa = PBXFileReference; lastKnownFileType = sourcecode.swift; path = Campus_WalkTests.swift; sourceTree = "<group>"; };
		89A632E41BD5626600CCE5BC /* Info.plist */ = {isa = PBXFileReference; lastKnownFileType = text.plist.xml; path = Info.plist; sourceTree = "<group>"; };
		89A632E91BD5626600CCE5BC /* Campus WalkUITests.xctest */ = {isa = PBXFileReference; explicitFileType = wrapper.cfbundle; includeInIndex = 0; path = "Campus WalkUITests.xctest"; sourceTree = BUILT_PRODUCTS_DIR; };
		89A632ED1BD5626600CCE5BC /* Campus_WalkUITests.swift */ = {isa = PBXFileReference; lastKnownFileType = sourcecode.swift; path = Campus_WalkUITests.swift; sourceTree = "<group>"; };
		89A632EF1BD5626600CCE5BC /* Info.plist */ = {isa = PBXFileReference; lastKnownFileType = text.plist.xml; path = Info.plist; sourceTree = "<group>"; };
		89F704291BD9649100AC760A /* CustomMKAnnotation.swift */ = {isa = PBXFileReference; fileEncoding = 4; lastKnownFileType = sourcecode.swift; path = CustomMKAnnotation.swift; sourceTree = "<group>"; };
		89F704301BD972F800AC760A /* StarPin.png */ = {isa = PBXFileReference; lastKnownFileType = image.png; path = StarPin.png; sourceTree = "<group>"; };
		89F704341BD9787900AC760A /* BluePin.png */ = {isa = PBXFileReference; lastKnownFileType = image.png; path = BluePin.png; sourceTree = "<group>"; };
		89F704381BD99C0800AC760A /* BuildingIcon.png */ = {isa = PBXFileReference; lastKnownFileType = image.png; path = BuildingIcon.png; sourceTree = "<group>"; };
		89F7043A1BD99C1600AC760A /* StarBarBackground.png */ = {isa = PBXFileReference; lastKnownFileType = image.png; path = StarBarBackground.png; sourceTree = "<group>"; };
		89F7043D1BD9C07900AC760A /* agadmin.jpg */ = {isa = PBXFileReference; lastKnownFileType = image.jpeg; path = agadmin.jpg; sourceTree = "<group>"; };
		89F7043E1BD9C07900AC760A /* ageng.jpg */ = {isa = PBXFileReference; lastKnownFileType = image.jpeg; path = ageng.jpg; sourceTree = "<group>"; };
		89F7043F1BD9C07900AC760A /* appliedscience.jpg */ = {isa = PBXFileReference; lastKnownFileType = image.jpeg; path = appliedscience.jpg; sourceTree = "<group>"; };
		89F704401BD9C07900AC760A /* armsby.jpg */ = {isa = PBXFileReference; lastKnownFileType = image.jpeg; path = armsby.jpg; sourceTree = "<group>"; };
		89F704411BD9C07900AC760A /* arts.jpg */ = {isa = PBXFileReference; lastKnownFileType = image.jpeg; path = arts.jpg; sourceTree = "<group>"; };
		89F704421BD9C07900AC760A /* atherton.jpg */ = {isa = PBXFileReference; lastKnownFileType = image.jpeg; path = atherton.jpg; sourceTree = "<group>"; };
		89F704431BD9C07900AC760A /* beaver.jpg */ = {isa = PBXFileReference; lastKnownFileType = image.jpeg; path = beaver.jpg; sourceTree = "<group>"; };
		89F704441BD9C07900AC760A /* biomechanics.jpg */ = {isa = PBXFileReference; lastKnownFileType = image.jpeg; path = biomechanics.jpg; sourceTree = "<group>"; };
		89F704451BD9C07900AC760A /* borland.jpg */ = {isa = PBXFileReference; lastKnownFileType = image.jpeg; path = borland.jpg; sourceTree = "<group>"; };
		89F704461BD9C07900AC760A /* boucke.jpg */ = {isa = PBXFileReference; lastKnownFileType = image.jpeg; path = boucke.jpg; sourceTree = "<group>"; };
		89F704471BD9C07900AC760A /* brumbaugh.jpg */ = {isa = PBXFileReference; lastKnownFileType = image.jpeg; path = brumbaugh.jpg; sourceTree = "<group>"; };
		89F704481BD9C07900AC760A /* brycejordan.jpg */ = {isa = PBXFileReference; lastKnownFileType = image.jpeg; path = brycejordan.jpg; sourceTree = "<group>"; };
		89F704491BD9C07900AC760A /* buckhout.jpg */ = {isa = PBXFileReference; lastKnownFileType = image.jpeg; path = buckhout.jpg; sourceTree = "<group>"; };
		89F7044A1BD9C07900AC760A /* burrowes.jpg */ = {isa = PBXFileReference; lastKnownFileType = image.jpeg; path = burrowes.jpg; sourceTree = "<group>"; };
		89F7044B1BD9C07900AC760A /* businessbuilding.jpg */ = {isa = PBXFileReference; lastKnownFileType = image.jpeg; path = businessbuilding.jpg; sourceTree = "<group>"; };
		89F7044C1BD9C07900AC760A /* carnegie.jpg */ = {isa = PBXFileReference; lastKnownFileType = image.jpeg; path = carnegie.jpg; sourceTree = "<group>"; };
		89F7044D1BD9C07900AC760A /* carpenter.jpg */ = {isa = PBXFileReference; lastKnownFileType = image.jpeg; path = carpenter.jpg; sourceTree = "<group>"; };
		89F7044E1BD9C07900AC760A /* chambers.jpg */ = {isa = PBXFileReference; lastKnownFileType = image.jpeg; path = chambers.jpg; sourceTree = "<group>"; };
		89F7044F1BD9C07900AC760A /* chandlee.jpg */ = {isa = PBXFileReference; lastKnownFileType = image.jpeg; path = chandlee.jpg; sourceTree = "<group>"; };
		89F704501BD9C07900AC760A /* chapel.jpg */ = {isa = PBXFileReference; lastKnownFileType = image.jpeg; path = chapel.jpg; sourceTree = "<group>"; };
		89F704511BD9C07900AC760A /* chemistry.jpg */ = {isa = PBXFileReference; lastKnownFileType = image.jpeg; path = chemistry.jpg; sourceTree = "<group>"; };
		89F704521BD9C07900AC760A /* computer.jpg */ = {isa = PBXFileReference; lastKnownFileType = image.jpeg; path = computer.jpg; sourceTree = "<group>"; };
		89F704531BD9C07900AC760A /* davey.jpg */ = {isa = PBXFileReference; lastKnownFileType = image.jpeg; path = davey.jpg; sourceTree = "<group>"; };
		89F704541BD9C07900AC760A /* deike.jpg */ = {isa = PBXFileReference; lastKnownFileType = image.jpeg; path = deike.jpg; sourceTree = "<group>"; };
		89F704551BD9C07900AC760A /* earthengineeringsciences.jpg */ = {isa = PBXFileReference; lastKnownFileType = image.jpeg; path = earthengineeringsciences.jpg; sourceTree = "<group>"; };
		89F704561BD9C07900AC760A /* eeeast.jpg */ = {isa = PBXFileReference; lastKnownFileType = image.jpeg; path = eeeast.jpg; sourceTree = "<group>"; };
		89F704571BD9C07900AC760A /* eewest.jpg */ = {isa = PBXFileReference; lastKnownFileType = image.jpeg; path = eewest.jpg; sourceTree = "<group>"; };
		89F704581BD9C07900AC760A /* eisenhower.jpg */ = {isa = PBXFileReference; lastKnownFileType = image.jpeg; path = eisenhower.jpg; sourceTree = "<group>"; };
		89F704591BD9C07900AC760A /* eisenhowerparking.jpg */ = {isa = PBXFileReference; lastKnownFileType = image.jpeg; path = eisenhowerparking.jpg; sourceTree = "<group>"; };
		89F7045A1BD9C07900AC760A /* engunit.jpg */ = {isa = PBXFileReference; lastKnownFileType = image.jpeg; path = engunit.jpg; sourceTree = "<group>"; };
		89F7045B1BD9C07900AC760A /* smeal.jpg */ = {isa = PBXFileReference; lastKnownFileType = image.jpeg; path = smeal.jpg; sourceTree = "<group>"; };
		89F7047B1BD9C08200AC760A /* buildings.plist */ = {isa = PBXFileReference; fileEncoding = 4; lastKnownFileType = text.plist.xml; path = buildings.plist; sourceTree = "<group>"; };
/* End PBXFileReference section */

/* Begin PBXFrameworksBuildPhase section */
		89A632C71BD5626500CCE5BC /* Frameworks */ = {
			isa = PBXFrameworksBuildPhase;
			buildActionMask = 2147483647;
			files = (
				895C0B841BD7060000718E38 /* MapKit.framework in Frameworks */,
			);
			runOnlyForDeploymentPostprocessing = 0;
		};
		89A632DB1BD5626600CCE5BC /* Frameworks */ = {
			isa = PBXFrameworksBuildPhase;
			buildActionMask = 2147483647;
			files = (
			);
			runOnlyForDeploymentPostprocessing = 0;
		};
		89A632E61BD5626600CCE5BC /* Frameworks */ = {
			isa = PBXFrameworksBuildPhase;
			buildActionMask = 2147483647;
			files = (
			);
			runOnlyForDeploymentPostprocessing = 0;
		};
/* End PBXFrameworksBuildPhase section */

/* Begin PBXGroup section */
		895C0B411BD6ECF200718E38 /* Assignment_8_Assets */ = {
			isa = PBXGroup;
			children = (
				89F7047B1BD9C08200AC760A /* buildings.plist */,
				89F7043C1BD9C07900AC760A /* buildings */,
				89F7042B1BD9683100AC760A /* Pin Images */,
				895C0B8A1BD7F89B00718E38 /* Button Icons */,
			);
			path = Assignment_8_Assets;
			sourceTree = "<group>";
		};
		895C0B851BD7072500718E38 /* Model */ = {
			isa = PBXGroup;
			children = (
				895C0B861BD7074200718E38 /* String+FirstLetter.swift */,
				895C0B3F1BD6ECC500718E38 /* Model.swift */,
			);
			name = Model;
			sourceTree = "<group>";
		};
		895C0B881BD7076500718E38 /* View */ = {
			isa = PBXGroup;
			children = (
				89A632D11BD5626500CCE5BC /* Main.storyboard */,
				895C0B911BD8061B00718E38 /* BuildingTableViewCell.swift */,
				89F704291BD9649100AC760A /* CustomMKAnnotation.swift */,
			);
			name = View;
			sourceTree = "<group>";
		};
		895C0B891BD7077400718E38 /* Controllers */ = {
			isa = PBXGroup;
			children = (
				89A632CF1BD5626500CCE5BC /* ViewController.swift */,
				895C0B8F1BD8050900718E38 /* BuildingTableViewController.swift */,
			);
			name = Controllers;
			sourceTree = "<group>";
		};
		895C0B8A1BD7F89B00718E38 /* Button Icons */ = {
			isa = PBXGroup;
			children = (
				89F7043A1BD99C1600AC760A /* StarBarBackground.png */,
				89F704381BD99C0800AC760A /* BuildingIcon.png */,
				895C0B9B1BD84A0000718E38 /* emptyStar.png */,
				895C0B9C1BD84A0000718E38 /* filledStar.png */,
			);
			name = "Button Icons";
			sourceTree = "<group>";
		};
		89A632C11BD5626400CCE5BC = {
			isa = PBXGroup;
			children = (
				895C0B831BD7060000718E38 /* MapKit.framework */,
				89A632CC1BD5626500CCE5BC /* Campus Walk */,
				89A632E11BD5626600CCE5BC /* Campus WalkTests */,
				89A632EC1BD5626600CCE5BC /* Campus WalkUITests */,
				89A632CB1BD5626500CCE5BC /* Products */,
			);
			sourceTree = "<group>";
		};
		89A632CB1BD5626500CCE5BC /* Products */ = {
			isa = PBXGroup;
			children = (
				89A632CA1BD5626500CCE5BC /* Campus Walk.app */,
				89A632DE1BD5626600CCE5BC /* Campus WalkTests.xctest */,
				89A632E91BD5626600CCE5BC /* Campus WalkUITests.xctest */,
			);
			name = Products;
			sourceTree = "<group>";
		};
		89A632CC1BD5626500CCE5BC /* Campus Walk */ = {
			isa = PBXGroup;
			children = (
				895C0B891BD7077400718E38 /* Controllers */,
				895C0B881BD7076500718E38 /* View */,
				895C0B851BD7072500718E38 /* Model */,
				895C0B411BD6ECF200718E38 /* Assignment_8_Assets */,
				89A632D41BD5626500CCE5BC /* Assets.xcassets */,
				89A632CD1BD5626500CCE5BC /* AppDelegate.swift */,
				89A632D61BD5626500CCE5BC /* LaunchScreen.storyboard */,
				89A632D91BD5626500CCE5BC /* Info.plist */,
			);
			path = "Campus Walk";
			sourceTree = "<group>";
		};
		89A632E11BD5626600CCE5BC /* Campus WalkTests */ = {
			isa = PBXGroup;
			children = (
				89A632E21BD5626600CCE5BC /* Campus_WalkTests.swift */,
				89A632E41BD5626600CCE5BC /* Info.plist */,
			);
			path = "Campus WalkTests";
			sourceTree = "<group>";
		};
		89A632EC1BD5626600CCE5BC /* Campus WalkUITests */ = {
			isa = PBXGroup;
			children = (
				89A632ED1BD5626600CCE5BC /* Campus_WalkUITests.swift */,
				89A632EF1BD5626600CCE5BC /* Info.plist */,
			);
			path = "Campus WalkUITests";
			sourceTree = "<group>";
		};
		89F7042B1BD9683100AC760A /* Pin Images */ = {
			isa = PBXGroup;
			children = (
				89F704341BD9787900AC760A /* BluePin.png */,
				89F704301BD972F800AC760A /* StarPin.png */,
			);
			name = "Pin Images";
			sourceTree = "<group>";
		};
		89F7043C1BD9C07900AC760A /* buildings */ = {
			isa = PBXGroup;
			children = (
				89F7043D1BD9C07900AC760A /* agadmin.jpg */,
				89F7043E1BD9C07900AC760A /* ageng.jpg */,
				89F7043F1BD9C07900AC760A /* appliedscience.jpg */,
				89F704401BD9C07900AC760A /* armsby.jpg */,
				89F704411BD9C07900AC760A /* arts.jpg */,
				89F704421BD9C07900AC760A /* atherton.jpg */,
				89F704431BD9C07900AC760A /* beaver.jpg */,
				89F704441BD9C07900AC760A /* biomechanics.jpg */,
				89F704451BD9C07900AC760A /* borland.jpg */,
				89F704461BD9C07900AC760A /* boucke.jpg */,
				89F704471BD9C07900AC760A /* brumbaugh.jpg */,
				89F704481BD9C07900AC760A /* brycejordan.jpg */,
				89F704491BD9C07900AC760A /* buckhout.jpg */,
				89F7044A1BD9C07900AC760A /* burrowes.jpg */,
				89F7044B1BD9C07900AC760A /* businessbuilding.jpg */,
				89F7044C1BD9C07900AC760A /* carnegie.jpg */,
				89F7044D1BD9C07900AC760A /* carpenter.jpg */,
				89F7044E1BD9C07900AC760A /* chambers.jpg */,
				89F7044F1BD9C07900AC760A /* chandlee.jpg */,
				89F704501BD9C07900AC760A /* chapel.jpg */,
				89F704511BD9C07900AC760A /* chemistry.jpg */,
				89F704521BD9C07900AC760A /* computer.jpg */,
				89F704531BD9C07900AC760A /* davey.jpg */,
				89F704541BD9C07900AC760A /* deike.jpg */,
				89F704551BD9C07900AC760A /* earthengineeringsciences.jpg */,
				89F704561BD9C07900AC760A /* eeeast.jpg */,
				89F704571BD9C07900AC760A /* eewest.jpg */,
				89F704581BD9C07900AC760A /* eisenhower.jpg */,
				89F704591BD9C07900AC760A /* eisenhowerparking.jpg */,
				89F7045A1BD9C07900AC760A /* engunit.jpg */,
				89F7045B1BD9C07900AC760A /* smeal.jpg */,
			);
			path = buildings;
			sourceTree = "<group>";
		};
/* End PBXGroup section */

/* Begin PBXNativeTarget section */
		89A632C91BD5626500CCE5BC /* Campus Walk */ = {
			isa = PBXNativeTarget;
			buildConfigurationList = 89A632F21BD5626600CCE5BC /* Build configuration list for PBXNativeTarget "Campus Walk" */;
			buildPhases = (
				89A632C61BD5626500CCE5BC /* Sources */,
				89A632C71BD5626500CCE5BC /* Frameworks */,
				89A632C81BD5626500CCE5BC /* Resources */,
			);
			buildRules = (
			);
			dependencies = (
			);
			name = "Campus Walk";
			productName = "Campus Walk";
			productReference = 89A632CA1BD5626500CCE5BC /* Campus Walk.app */;
			productType = "com.apple.product-type.application";
		};
		89A632DD1BD5626600CCE5BC /* Campus WalkTests */ = {
			isa = PBXNativeTarget;
			buildConfigurationList = 89A632F51BD5626600CCE5BC /* Build configuration list for PBXNativeTarget "Campus WalkTests" */;
			buildPhases = (
				89A632DA1BD5626600CCE5BC /* Sources */,
				89A632DB1BD5626600CCE5BC /* Frameworks */,
				89A632DC1BD5626600CCE5BC /* Resources */,
			);
			buildRules = (
			);
			dependencies = (
				89A632E01BD5626600CCE5BC /* PBXTargetDependency */,
			);
			name = "Campus WalkTests";
			productName = "Campus WalkTests";
			productReference = 89A632DE1BD5626600CCE5BC /* Campus WalkTests.xctest */;
			productType = "com.apple.product-type.bundle.unit-test";
		};
		89A632E81BD5626600CCE5BC /* Campus WalkUITests */ = {
			isa = PBXNativeTarget;
			buildConfigurationList = 89A632F81BD5626600CCE5BC /* Build configuration list for PBXNativeTarget "Campus WalkUITests" */;
			buildPhases = (
				89A632E51BD5626600CCE5BC /* Sources */,
				89A632E61BD5626600CCE5BC /* Frameworks */,
				89A632E71BD5626600CCE5BC /* Resources */,
			);
			buildRules = (
			);
			dependencies = (
				89A632EB1BD5626600CCE5BC /* PBXTargetDependency */,
			);
			name = "Campus WalkUITests";
			productName = "Campus WalkUITests";
			productReference = 89A632E91BD5626600CCE5BC /* Campus WalkUITests.xctest */;
			productType = "com.apple.product-type.bundle.ui-testing";
		};
/* End PBXNativeTarget section */

/* Begin PBXProject section */
		89A632C21BD5626400CCE5BC /* Project object */ = {
			isa = PBXProject;
			attributes = {
				LastUpgradeCheck = 0700;
				ORGANIZATIONNAME = "Lauren Bosse";
				TargetAttributes = {
					89A632C91BD5626500CCE5BC = {
						CreatedOnToolsVersion = 7.0;
						DevelopmentTeam = C5SFJSQJ9Q;
					};
					89A632DD1BD5626600CCE5BC = {
						CreatedOnToolsVersion = 7.0;
						DevelopmentTeam = C5SFJSQJ9Q;
						TestTargetID = 89A632C91BD5626500CCE5BC;
					};
					89A632E81BD5626600CCE5BC = {
						CreatedOnToolsVersion = 7.0;
						DevelopmentTeam = C5SFJSQJ9Q;
						TestTargetID = 89A632C91BD5626500CCE5BC;
					};
				};
			};
			buildConfigurationList = 89A632C51BD5626400CCE5BC /* Build configuration list for PBXProject "Campus Walk" */;
			compatibilityVersion = "Xcode 3.2";
			developmentRegion = English;
			hasScannedForEncodings = 0;
			knownRegions = (
				en,
				Base,
			);
			mainGroup = 89A632C11BD5626400CCE5BC;
			productRefGroup = 89A632CB1BD5626500CCE5BC /* Products */;
			projectDirPath = "";
			projectRoot = "";
			targets = (
				89A632C91BD5626500CCE5BC /* Campus Walk */,
				89A632DD1BD5626600CCE5BC /* Campus WalkTests */,
				89A632E81BD5626600CCE5BC /* Campus WalkUITests */,
			);
		};
/* End PBXProject section */

/* Begin PBXResourcesBuildPhase section */
		89A632C81BD5626500CCE5BC /* Resources */ = {
			isa = PBXResourcesBuildPhase;
			buildActionMask = 2147483647;
			files = (
				89F704701BD9C07900AC760A /* chemistry.jpg in Resources */,
				89F7047C1BD9C08200AC760A /* buildings.plist in Resources */,
				89F704711BD9C07900AC760A /* computer.jpg in Resources */,
				89F7045D1BD9C07900AC760A /* ageng.jpg in Resources */,
				89F704601BD9C07900AC760A /* arts.jpg in Resources */,
				89F7046C1BD9C07900AC760A /* carpenter.jpg in Resources */,
				89F704741BD9C07900AC760A /* earthengineeringsciences.jpg in Resources */,
				89F7045F1BD9C07900AC760A /* armsby.jpg in Resources */,
				89A632D81BD5626500CCE5BC /* LaunchScreen.storyboard in Resources */,
				89F7045E1BD9C07900AC760A /* appliedscience.jpg in Resources */,
				89F704661BD9C07900AC760A /* brumbaugh.jpg in Resources */,
				89F704761BD9C07900AC760A /* eewest.jpg in Resources */,
				89F7045C1BD9C07900AC760A /* agadmin.jpg in Resources */,
				89F704691BD9C07900AC760A /* burrowes.jpg in Resources */,
				89A632D51BD5626500CCE5BC /* Assets.xcassets in Resources */,
				89F704751BD9C07900AC760A /* eeeast.jpg in Resources */,
				89F704671BD9C07900AC760A /* brycejordan.jpg in Resources */,
				895C0B9E1BD84A0000718E38 /* filledStar.png in Resources */,
				89F7043B1BD99C1600AC760A /* StarBarBackground.png in Resources */,
				89F7047A1BD9C07900AC760A /* smeal.jpg in Resources */,
				89F704351BD9787900AC760A /* BluePin.png in Resources */,
				89F704731BD9C07900AC760A /* deike.jpg in Resources */,
				89F7046F1BD9C07900AC760A /* chapel.jpg in Resources */,
				89F704721BD9C07900AC760A /* davey.jpg in Resources */,
				89F704681BD9C07900AC760A /* buckhout.jpg in Resources */,
				895C0B9D1BD84A0000718E38 /* emptyStar.png in Resources */,
				89F7046B1BD9C07900AC760A /* carnegie.jpg in Resources */,
				89F704611BD9C07900AC760A /* atherton.jpg in Resources */,
				89F704311BD972F800AC760A /* StarPin.png in Resources */,
				89F704781BD9C07900AC760A /* eisenhowerparking.jpg in Resources */,
				89F7046E1BD9C07900AC760A /* chandlee.jpg in Resources */,
				89F704391BD99C0800AC760A /* BuildingIcon.png in Resources */,
				89F704641BD9C07900AC760A /* borland.jpg in Resources */,
				89F704651BD9C07900AC760A /* boucke.jpg in Resources */,
				89F704791BD9C07900AC760A /* engunit.jpg in Resources */,
				89F704771BD9C07900AC760A /* eisenhower.jpg in Resources */,
				89F704621BD9C07900AC760A /* beaver.jpg in Resources */,
				89F7046D1BD9C07900AC760A /* chambers.jpg in Resources */,
				89F7046A1BD9C07900AC760A /* businessbuilding.jpg in Resources */,
				89F704631BD9C07900AC760A /* biomechanics.jpg in Resources */,
				89A632D31BD5626500CCE5BC /* Main.storyboard in Resources */,
			);
			runOnlyForDeploymentPostprocessing = 0;
		};
		89A632DC1BD5626600CCE5BC /* Resources */ = {
			isa = PBXResourcesBuildPhase;
			buildActionMask = 2147483647;
			files = (
			);
			runOnlyForDeploymentPostprocessing = 0;
		};
		89A632E71BD5626600CCE5BC /* Resources */ = {
			isa = PBXResourcesBuildPhase;
			buildActionMask = 2147483647;
			files = (
			);
			runOnlyForDeploymentPostprocessing = 0;
		};
/* End PBXResourcesBuildPhase section */

/* Begin PBXSourcesBuildPhase section */
		89A632C61BD5626500CCE5BC /* Sources */ = {
			isa = PBXSourcesBuildPhase;
			buildActionMask = 2147483647;
			files = (
				895C0B401BD6ECC500718E38 /* Model.swift in Sources */,
				895C0B921BD8061B00718E38 /* BuildingTableViewCell.swift in Sources */,
				895C0B871BD7074200718E38 /* String+FirstLetter.swift in Sources */,
				895C0B901BD8050900718E38 /* BuildingTableViewController.swift in Sources */,
				89F7042A1BD9649100AC760A /* CustomMKAnnotation.swift in Sources */,
				89A632D01BD5626500CCE5BC /* ViewController.swift in Sources */,
				89A632CE1BD5626500CCE5BC /* AppDelegate.swift in Sources */,
			);
			runOnlyForDeploymentPostprocessing = 0;
		};
		89A632DA1BD5626600CCE5BC /* Sources */ = {
			isa = PBXSourcesBuildPhase;
			buildActionMask = 2147483647;
			files = (
				89A632E31BD5626600CCE5BC /* Campus_WalkTests.swift in Sources */,
			);
			runOnlyForDeploymentPostprocessing = 0;
		};
		89A632E51BD5626600CCE5BC /* Sources */ = {
			isa = PBXSourcesBuildPhase;
			buildActionMask = 2147483647;
			files = (
				89A632EE1BD5626600CCE5BC /* Campus_WalkUITests.swift in Sources */,
			);
			runOnlyForDeploymentPostprocessing = 0;
		};
/* End PBXSourcesBuildPhase section */

/* Begin PBXTargetDependency section */
		89A632E01BD5626600CCE5BC /* PBXTargetDependency */ = {
			isa = PBXTargetDependency;
			target = 89A632C91BD5626500CCE5BC /* Campus Walk */;
			targetProxy = 89A632DF1BD5626600CCE5BC /* PBXContainerItemProxy */;
		};
		89A632EB1BD5626600CCE5BC /* PBXTargetDependency */ = {
			isa = PBXTargetDependency;
			target = 89A632C91BD5626500CCE5BC /* Campus Walk */;
			targetProxy = 89A632EA1BD5626600CCE5BC /* PBXContainerItemProxy */;
		};
/* End PBXTargetDependency section */

/* Begin PBXVariantGroup section */
		89A632D11BD5626500CCE5BC /* Main.storyboard */ = {
			isa = PBXVariantGroup;
			children = (
				89A632D21BD5626500CCE5BC /* Base */,
			);
			name = Main.storyboard;
			sourceTree = "<group>";
		};
		89A632D61BD5626500CCE5BC /* LaunchScreen.storyboard */ = {
			isa = PBXVariantGroup;
			children = (
				89A632D71BD5626500CCE5BC /* Base */,
			);
			name = LaunchScreen.storyboard;
			sourceTree = "<group>";
		};
/* End PBXVariantGroup section */

/* Begin XCBuildConfiguration section */
		89A632F01BD5626600CCE5BC /* Debug */ = {
			isa = XCBuildConfiguration;
			buildSettings = {
				ALWAYS_SEARCH_USER_PATHS = NO;
				CLANG_CXX_LANGUAGE_STANDARD = "gnu++0x";
				CLANG_CXX_LIBRARY = "libc++";
				CLANG_ENABLE_MODULES = YES;
				CLANG_ENABLE_OBJC_ARC = YES;
				CLANG_WARN_BOOL_CONVERSION = YES;
				CLANG_WARN_CONSTANT_CONVERSION = YES;
				CLANG_WARN_DIRECT_OBJC_ISA_USAGE = YES_ERROR;
				CLANG_WARN_EMPTY_BODY = YES;
				CLANG_WARN_ENUM_CONVERSION = YES;
				CLANG_WARN_INT_CONVERSION = YES;
				CLANG_WARN_OBJC_ROOT_CLASS = YES_ERROR;
				CLANG_WARN_UNREACHABLE_CODE = YES;
				CLANG_WARN__DUPLICATE_METHOD_MATCH = YES;
				"CODE_SIGN_IDENTITY[sdk=iphoneos*]" = "iPhone Developer";
				COPY_PHASE_STRIP = NO;
				DEBUG_INFORMATION_FORMAT = dwarf;
				ENABLE_STRICT_OBJC_MSGSEND = YES;
				ENABLE_TESTABILITY = YES;
				GCC_C_LANGUAGE_STANDARD = gnu99;
				GCC_DYNAMIC_NO_PIC = NO;
				GCC_NO_COMMON_BLOCKS = YES;
				GCC_OPTIMIZATION_LEVEL = 0;
				GCC_PREPROCESSOR_DEFINITIONS = (
					"DEBUG=1",
					"$(inherited)",
				);
				GCC_WARN_64_TO_32_BIT_CONVERSION = YES;
				GCC_WARN_ABOUT_RETURN_TYPE = YES_ERROR;
				GCC_WARN_UNDECLARED_SELECTOR = YES;
				GCC_WARN_UNINITIALIZED_AUTOS = YES_AGGRESSIVE;
				GCC_WARN_UNUSED_FUNCTION = YES;
				GCC_WARN_UNUSED_VARIABLE = YES;
				IPHONEOS_DEPLOYMENT_TARGET = 9.0;
				MTL_ENABLE_DEBUG_INFO = YES;
				ONLY_ACTIVE_ARCH = YES;
				SDKROOT = iphoneos;
				SWIFT_OPTIMIZATION_LEVEL = "-Onone";
				TARGETED_DEVICE_FAMILY = "1,2";
			};
			name = Debug;
		};
		89A632F11BD5626600CCE5BC /* Release */ = {
			isa = XCBuildConfiguration;
			buildSettings = {
				ALWAYS_SEARCH_USER_PATHS = NO;
				CLANG_CXX_LANGUAGE_STANDARD = "gnu++0x";
				CLANG_CXX_LIBRARY = "libc++";
				CLANG_ENABLE_MODULES = YES;
				CLANG_ENABLE_OBJC_ARC = YES;
				CLANG_WARN_BOOL_CONVERSION = YES;
				CLANG_WARN_CONSTANT_CONVERSION = YES;
				CLANG_WARN_DIRECT_OBJC_ISA_USAGE = YES_ERROR;
				CLANG_WARN_EMPTY_BODY = YES;
				CLANG_WARN_ENUM_CONVERSION = YES;
				CLANG_WARN_INT_CONVERSION = YES;
				CLANG_WARN_OBJC_ROOT_CLASS = YES_ERROR;
				CLANG_WARN_UNREACHABLE_CODE = YES;
				CLANG_WARN__DUPLICATE_METHOD_MATCH = YES;
				"CODE_SIGN_IDENTITY[sdk=iphoneos*]" = "iPhone Developer";
				COPY_PHASE_STRIP = NO;
				DEBUG_INFORMATION_FORMAT = "dwarf-with-dsym";
				ENABLE_NS_ASSERTIONS = NO;
				ENABLE_STRICT_OBJC_MSGSEND = YES;
				GCC_C_LANGUAGE_STANDARD = gnu99;
				GCC_NO_COMMON_BLOCKS = YES;
				GCC_WARN_64_TO_32_BIT_CONVERSION = YES;
				GCC_WARN_ABOUT_RETURN_TYPE = YES_ERROR;
				GCC_WARN_UNDECLARED_SELECTOR = YES;
				GCC_WARN_UNINITIALIZED_AUTOS = YES_AGGRESSIVE;
				GCC_WARN_UNUSED_FUNCTION = YES;
				GCC_WARN_UNUSED_VARIABLE = YES;
				IPHONEOS_DEPLOYMENT_TARGET = 9.0;
				MTL_ENABLE_DEBUG_INFO = NO;
				SDKROOT = iphoneos;
				TARGETED_DEVICE_FAMILY = "1,2";
				VALIDATE_PRODUCT = YES;
			};
			name = Release;
		};
		89A632F31BD5626600CCE5BC /* Debug */ = {
			isa = XCBuildConfiguration;
			buildSettings = {
				ASSETCATALOG_COMPILER_APPICON_NAME = AppIcon;
				INFOPLIST_FILE = "Campus Walk/Info.plist";
				LD_RUNPATH_SEARCH_PATHS = "$(inherited) @executable_path/Frameworks";
				PRODUCT_BUNDLE_IDENTIFIER = "edu.psu.cse.lwb122.Campus-Walk";
				PRODUCT_NAME = "$(TARGET_NAME)";
			};
			name = Debug;
		};
		89A632F41BD5626600CCE5BC /* Release */ = {
			isa = XCBuildConfiguration;
			buildSettings = {
				ASSETCATALOG_COMPILER_APPICON_NAME = AppIcon;
				INFOPLIST_FILE = "Campus Walk/Info.plist";
				LD_RUNPATH_SEARCH_PATHS = "$(inherited) @executable_path/Frameworks";
				PRODUCT_BUNDLE_IDENTIFIER = "edu.psu.cse.lwb122.Campus-Walk";
				PRODUCT_NAME = "$(TARGET_NAME)";
			};
			name = Release;
		};
		89A632F61BD5626600CCE5BC /* Debug */ = {
			isa = XCBuildConfiguration;
			buildSettings = {
				BUNDLE_LOADER = "$(TEST_HOST)";
				INFOPLIST_FILE = "Campus WalkTests/Info.plist";
				LD_RUNPATH_SEARCH_PATHS = "$(inherited) @executable_path/Frameworks @loader_path/Frameworks";
				PRODUCT_BUNDLE_IDENTIFIER = "edu.psu.cse.lwb122.Campus-WalkTests";
				PRODUCT_NAME = "$(TARGET_NAME)";
				TEST_HOST = "$(BUILT_PRODUCTS_DIR)/Campus Walk.app/Campus Walk";
			};
			name = Debug;
		};
		89A632F71BD5626600CCE5BC /* Release */ = {
			isa = XCBuildConfiguration;
			buildSettings = {
				BUNDLE_LOADER = "$(TEST_HOST)";
				INFOPLIST_FILE = "Campus WalkTests/Info.plist";
				LD_RUNPATH_SEARCH_PATHS = "$(inherited) @executable_path/Frameworks @loader_path/Frameworks";
				PRODUCT_BUNDLE_IDENTIFIER = "edu.psu.cse.lwb122.Campus-WalkTests";
				PRODUCT_NAME = "$(TARGET_NAME)";
				TEST_HOST = "$(BUILT_PRODUCTS_DIR)/Campus Walk.app/Campus Walk";
			};
			name = Release;
		};
		89A632F91BD5626600CCE5BC /* Debug */ = {
			isa = XCBuildConfiguration;
			buildSettings = {
				INFOPLIST_FILE = "Campus WalkUITests/Info.plist";
				LD_RUNPATH_SEARCH_PATHS = "$(inherited) @executable_path/Frameworks @loader_path/Frameworks";
				PRODUCT_BUNDLE_IDENTIFIER = "edu.psu.cse.lwb122.Campus-WalkUITests";
				PRODUCT_NAME = "$(TARGET_NAME)";
				TEST_TARGET_NAME = "Campus Walk";
				USES_XCTRUNNER = YES;
			};
			name = Debug;
		};
		89A632FA1BD5626600CCE5BC /* Release */ = {
			isa = XCBuildConfiguration;
			buildSettings = {
				INFOPLIST_FILE = "Campus WalkUITests/Info.plist";
				LD_RUNPATH_SEARCH_PATHS = "$(inherited) @executable_path/Frameworks @loader_path/Frameworks";
				PRODUCT_BUNDLE_IDENTIFIER = "edu.psu.cse.lwb122.Campus-WalkUITests";
				PRODUCT_NAME = "$(TARGET_NAME)";
				TEST_TARGET_NAME = "Campus Walk";
				USES_XCTRUNNER = YES;
			};
			name = Release;
		};
/* End XCBuildConfiguration section */

/* Begin XCConfigurationList section */
		89A632C51BD5626400CCE5BC /* Build configuration list for PBXProject "Campus Walk" */ = {
			isa = XCConfigurationList;
			buildConfigurations = (
				89A632F01BD5626600CCE5BC /* Debug */,
				89A632F11BD5626600CCE5BC /* Release */,
			);
			defaultConfigurationIsVisible = 0;
			defaultConfigurationName = Release;
		};
		89A632F21BD5626600CCE5BC /* Build configuration list for PBXNativeTarget "Campus Walk" */ = {
			isa = XCConfigurationList;
			buildConfigurations = (
				89A632F31BD5626600CCE5BC /* Debug */,
				89A632F41BD5626600CCE5BC /* Release */,
			);
			defaultConfigurationIsVisible = 0;
			defaultConfigurationName = Release;
		};
		89A632F51BD5626600CCE5BC /* Build configuration list for PBXNativeTarget "Campus WalkTests" */ = {
			isa = XCConfigurationList;
			buildConfigurations = (
				89A632F61BD5626600CCE5BC /* Debug */,
				89A632F71BD5626600CCE5BC /* Release */,
			);
			defaultConfigurationIsVisible = 0;
			defaultConfigurationName = Release;
		};
		89A632F81BD5626600CCE5BC /* Build configuration list for PBXNativeTarget "Campus WalkUITests" */ = {
			isa = XCConfigurationList;
			buildConfigurations = (
				89A632F91BD5626600CCE5BC /* Debug */,
				89A632FA1BD5626600CCE5BC /* Release */,
			);
			defaultConfigurationIsVisible = 0;
			defaultConfigurationName = Release;
		};
/* End XCConfigurationList section */
	};
	rootObject = 89A632C21BD5626400CCE5BC /* Project object */;
}
